// !$*UTF8*$!
{
	archiveVersion = 1;
	classes = {
	};
	objectVersion = 55;
	objects = {

/* Begin PBXBuildFile section */
		F903B36928446134008578C1 /* Result.swift in Sources */ = {isa = PBXBuildFile; fileRef = F903B36828446134008578C1 /* Result.swift */; };
		F903B3802845B921008578C1 /* BucketList-ViewModel.swift in Sources */ = {isa = PBXBuildFile; fileRef = F903B37F2845B921008578C1 /* BucketList-ViewModel.swift */; };
		F903B3822845BC63008578C1 /* FileManager-DocumentDirectory.swift in Sources */ = {isa = PBXBuildFile; fileRef = F903B3812845BC63008578C1 /* FileManager-DocumentDirectory.swift */; };
		F90EFC972820D4B300DC38AE /* DrawingContentView.swift in Sources */ = {isa = PBXBuildFile; fileRef = F90EFC962820D4B300DC38AE /* DrawingContentView.swift */; };
		F90EFC992820FB5E00DC38AE /* PathExample.swift in Sources */ = {isa = PBXBuildFile; fileRef = F90EFC982820FB5E00DC38AE /* PathExample.swift */; };
		F90EFC9B282100D300DC38AE /* FlowerDemo.swift in Sources */ = {isa = PBXBuildFile; fileRef = F90EFC9A282100D300DC38AE /* FlowerDemo.swift */; };
		F90EFC9D282103FD00DC38AE /* ImagePaintDemo.swift in Sources */ = {isa = PBXBuildFile; fileRef = F90EFC9C282103FD00DC38AE /* ImagePaintDemo.swift */; };
		F90EFC9F2821069B00DC38AE /* ColorCyclingCircle.swift in Sources */ = {isa = PBXBuildFile; fileRef = F90EFC9E2821069B00DC38AE /* ColorCyclingCircle.swift */; };
		F90EFCA128210FEC00DC38AE /* BlendModeDemo.swift in Sources */ = {isa = PBXBuildFile; fileRef = F90EFCA028210FEC00DC38AE /* BlendModeDemo.swift */; };
		F90EFCA32821141A00DC38AE /* AnimatableDataDemo.swift in Sources */ = {isa = PBXBuildFile; fileRef = F90EFCA22821141A00DC38AE /* AnimatableDataDemo.swift */; };
		F90EFCA5282116CB00DC38AE /* AnimatablePairDemo.swift in Sources */ = {isa = PBXBuildFile; fileRef = F90EFCA4282116CB00DC38AE /* AnimatablePairDemo.swift */; };
		F90EFCA728211B0900DC38AE /* SpirographDemo.swift in Sources */ = {isa = PBXBuildFile; fileRef = F90EFCA628211B0900DC38AE /* SpirographDemo.swift */; };
		F90EFCA928224B7200DC38AE /* Challenge_AnimatableArrow.swift in Sources */ = {isa = PBXBuildFile; fileRef = F90EFCA828224B7200DC38AE /* Challenge_AnimatableArrow.swift */; };
		F90EFCAB28224C2600DC38AE /* Challenge_ColorCyclingRectangle.swift in Sources */ = {isa = PBXBuildFile; fileRef = F90EFCAA28224C2600DC38AE /* Challenge_ColorCyclingRectangle.swift */; };
		F90EFCB02823698600DC38AE /* HabitTrackingContentView.swift in Sources */ = {isa = PBXBuildFile; fileRef = F90EFCAF2823698600DC38AE /* HabitTrackingContentView.swift */; };
		F90EFCB228236A2B00DC38AE /* Activity.swift in Sources */ = {isa = PBXBuildFile; fileRef = F90EFCB128236A2B00DC38AE /* Activity.swift */; };
		F90EFCB428236A6700DC38AE /* Activities.swift in Sources */ = {isa = PBXBuildFile; fileRef = F90EFCB328236A6700DC38AE /* Activities.swift */; };
		F90EFCB728236D3C00DC38AE /* AddActivityView.swift in Sources */ = {isa = PBXBuildFile; fileRef = F90EFCB628236D3C00DC38AE /* AddActivityView.swift */; };
		F90EFCB92823ACBB00DC38AE /* DetailActivityView.swift in Sources */ = {isa = PBXBuildFile; fileRef = F90EFCB82823ACBB00DC38AE /* DetailActivityView.swift */; };
		F927B7522817987A00637927 /* iExpenseContentView.swift in Sources */ = {isa = PBXBuildFile; fileRef = F927B7512817987900637927 /* iExpenseContentView.swift */; };
		F927B7542817C0A000637927 /* DeleteView.swift in Sources */ = {isa = PBXBuildFile; fileRef = F927B7532817C09F00637927 /* DeleteView.swift */; };
		F927B7562817C59D00637927 /* AppStorageView.swift in Sources */ = {isa = PBXBuildFile; fileRef = F927B7552817C59D00637927 /* AppStorageView.swift */; };
		F927B7582817C5C500637927 /* DismissView.swift in Sources */ = {isa = PBXBuildFile; fileRef = F927B7572817C5C500637927 /* DismissView.swift */; };
		F927B75A2817D11400637927 /* CodableView.swift in Sources */ = {isa = PBXBuildFile; fileRef = F927B7592817D11300637927 /* CodableView.swift */; };
		F927B75C2817D18F00637927 /* ExpenseItem.swift in Sources */ = {isa = PBXBuildFile; fileRef = F927B75B2817D18F00637927 /* ExpenseItem.swift */; };
		F927B75E2817D1CE00637927 /* Expenses.swift in Sources */ = {isa = PBXBuildFile; fileRef = F927B75D2817D1CE00637927 /* Expenses.swift */; };
		F927B7602817D68900637927 /* AddView.swift in Sources */ = {isa = PBXBuildFile; fileRef = F927B75F2817D68900637927 /* AddView.swift */; };
		F97ED39527F2D2470033C15C /* HundredDaysOfSwiftUIApp.swift in Sources */ = {isa = PBXBuildFile; fileRef = F97ED39427F2D2470033C15C /* HundredDaysOfSwiftUIApp.swift */; };
		F97ED39727F2D2470033C15C /* ContentView.swift in Sources */ = {isa = PBXBuildFile; fileRef = F97ED39627F2D2470033C15C /* ContentView.swift */; };
		F97ED39927F2D2490033C15C /* Assets.xcassets in Resources */ = {isa = PBXBuildFile; fileRef = F97ED39827F2D2490033C15C /* Assets.xcassets */; };
		F97ED39C27F2D2490033C15C /* Preview Assets.xcassets in Resources */ = {isa = PBXBuildFile; fileRef = F97ED39B27F2D2490033C15C /* Preview Assets.xcassets */; };
		F97ED3A627F2D2490033C15C /* HundredDaysOfSwiftUITests.swift in Sources */ = {isa = PBXBuildFile; fileRef = F97ED3A527F2D2490033C15C /* HundredDaysOfSwiftUITests.swift */; };
		F97ED3B027F2D2490033C15C /* HundredDaysOfSwiftUIUITests.swift in Sources */ = {isa = PBXBuildFile; fileRef = F97ED3AF27F2D2490033C15C /* HundredDaysOfSwiftUIUITests.swift */; };
		F97ED3B227F2D2490033C15C /* HundredDaysOfSwiftUIUITestsLaunchTests.swift in Sources */ = {isa = PBXBuildFile; fileRef = F97ED3B127F2D2490033C15C /* HundredDaysOfSwiftUIUITestsLaunchTests.swift */; };
		F99F3D61283B5A7C009106FA /* InstafilterContentView.swift in Sources */ = {isa = PBXBuildFile; fileRef = F99F3D60283B5A7C009106FA /* InstafilterContentView.swift */; };
		F99F3D63283B61FC009106FA /* OnChangedDemo.swift in Sources */ = {isa = PBXBuildFile; fileRef = F99F3D62283B61FC009106FA /* OnChangedDemo.swift */; };
		F99F3D65283B668F009106FA /* ConfirmationDialogDemo.swift in Sources */ = {isa = PBXBuildFile; fileRef = F99F3D64283B668F009106FA /* ConfirmationDialogDemo.swift */; };
		F99F3D67283B6BE0009106FA /* CoreImageDemo.swift in Sources */ = {isa = PBXBuildFile; fileRef = F99F3D66283B6BE0009106FA /* CoreImageDemo.swift */; };
		F99F3D69283B6DB9009106FA /* ImagePicker.swift in Sources */ = {isa = PBXBuildFile; fileRef = F99F3D68283B6DB9009106FA /* ImagePicker.swift */; };
		F99F3D6B283B7CEE009106FA /* ImageSaver.swift in Sources */ = {isa = PBXBuildFile; fileRef = F99F3D6A283B7CEE009106FA /* ImageSaver.swift */; };
		F99F3D6D283B81EF009106FA /* IntergrateUIKitDemo.swift in Sources */ = {isa = PBXBuildFile; fileRef = F99F3D6C283B81EF009106FA /* IntergrateUIKitDemo.swift */; };
		F99FC3FA28054E6A0054CAF7 /* ChallengeOneContentView.swift in Sources */ = {isa = PBXBuildFile; fileRef = F99FC3F928054E6A0054CAF7 /* ChallengeOneContentView.swift */; };
		F99FC3FD2806740F0054CAF7 /* GuessTheFlagContentView.swift in Sources */ = {isa = PBXBuildFile; fileRef = F99FC3FC2806740F0054CAF7 /* GuessTheFlagContentView.swift */; };
		F99FC4002807FEB80054CAF7 /* ViewsAndModifiersContentView.swift in Sources */ = {isa = PBXBuildFile; fileRef = F99FC3FF2807FEB70054CAF7 /* ViewsAndModifiersContentView.swift */; };
		F99FC403280D0BE00054CAF7 /* RPSContentView.swift in Sources */ = {isa = PBXBuildFile; fileRef = F99FC402280D0BE00054CAF7 /* RPSContentView.swift */; };
		F9A5761B280E5E2600866612 /* BetterRestContentView.swift in Sources */ = {isa = PBXBuildFile; fileRef = F9A5761A280E5E2500866612 /* BetterRestContentView.swift */; };
		F9A5761F280E8CD800866612 /* SleepCalculator.mlmodel in Sources */ = {isa = PBXBuildFile; fileRef = F9A5761E280E8CD800866612 /* SleepCalculator.mlmodel */; };
		F9A57622280FA97100866612 /* WordScrambleContentView.swift in Sources */ = {isa = PBXBuildFile; fileRef = F9A57621280FA97000866612 /* WordScrambleContentView.swift */; };
		F9A57624280FD9B200866612 /* start.txt in Resources */ = {isa = PBXBuildFile; fileRef = F9A57623280FD9B100866612 /* start.txt */; };
		F9A576272810F9B000866612 /* AnimationsContentView.swift in Sources */ = {isa = PBXBuildFile; fileRef = F9A576262810F9AF00866612 /* AnimationsContentView.swift */; };
		F9A576292811039200866612 /* OverlayButton.swift in Sources */ = {isa = PBXBuildFile; fileRef = F9A576282811039200866612 /* OverlayButton.swift */; };
		F9A5762B281105E000866612 /* StepperAnimation.swift in Sources */ = {isa = PBXBuildFile; fileRef = F9A5762A281105E000866612 /* StepperAnimation.swift */; };
		F9A5762D281134E800866612 /* WordDragging.swift in Sources */ = {isa = PBXBuildFile; fileRef = F9A5762C281134E800866612 /* WordDragging.swift */; };
		F9A576302812531000866612 /* EdutainmentContentView.swift in Sources */ = {isa = PBXBuildFile; fileRef = F9A5762F2812531000866612 /* EdutainmentContentView.swift */; };
		F9B8274828406A50005CD32A /* BiometricsLoginDemo.swift in Sources */ = {isa = PBXBuildFile; fileRef = F9B8274728406A50005CD32A /* BiometricsLoginDemo.swift */; };
		F9B8274A28406BC9005CD32A /* Location.swift in Sources */ = {isa = PBXBuildFile; fileRef = F9B8274928406BC9005CD32A /* Location.swift */; };
		F9B8274E28407204005CD32A /* MapEditView.swift in Sources */ = {isa = PBXBuildFile; fileRef = F9B8274D28407204005CD32A /* MapEditView.swift */; };
		F9BAA3EA2828BCC1008F21E6 /* CupcakeCornerContentView.swift in Sources */ = {isa = PBXBuildFile; fileRef = F9BAA3E92828BCC1008F21E6 /* CupcakeCornerContentView.swift */; };
		F9BAA3EC2828F1E4008F21E6 /* URLSessionDemo.swift in Sources */ = {isa = PBXBuildFile; fileRef = F9BAA3EB2828F1E4008F21E6 /* URLSessionDemo.swift */; };
		F9BAA3F02828F252008F21E6 /* CodableClassExample.swift in Sources */ = {isa = PBXBuildFile; fileRef = F9BAA3EF2828F252008F21E6 /* CodableClassExample.swift */; };
		F9BAA3F42828F99E008F21E6 /* AsyncImageDemo.swift in Sources */ = {isa = PBXBuildFile; fileRef = F9BAA3F32828F99E008F21E6 /* AsyncImageDemo.swift */; };
		F9BAA3F6282A2C56008F21E6 /* DisabledDemo.swift in Sources */ = {isa = PBXBuildFile; fileRef = F9BAA3F5282A2C56008F21E6 /* DisabledDemo.swift */; };
		F9BAA3F8282A2D61008F21E6 /* Order.swift in Sources */ = {isa = PBXBuildFile; fileRef = F9BAA3F7282A2D61008F21E6 /* Order.swift */; };
		F9BAA3FA282A2FEF008F21E6 /* AddressView.swift in Sources */ = {isa = PBXBuildFile; fileRef = F9BAA3F9282A2FEF008F21E6 /* AddressView.swift */; };
		F9BAA3FC282A30A8008F21E6 /* CheckoutView.swift in Sources */ = {isa = PBXBuildFile; fileRef = F9BAA3FB282A30A8008F21E6 /* CheckoutView.swift */; };
		F9C01742282B9641009E4078 /* Cupcake.swift in Sources */ = {isa = PBXBuildFile; fileRef = F9C01741282B9641009E4078 /* Cupcake.swift */; };
		F9C01745282CAFF2009E4078 /* BookwormContentView.swift in Sources */ = {isa = PBXBuildFile; fileRef = F9C01744282CAFF2009E4078 /* BookwormContentView.swift */; };
		F9C01747282CB240009E4078 /* BindingBtnDemo.swift in Sources */ = {isa = PBXBuildFile; fileRef = F9C01746282CB240009E4078 /* BindingBtnDemo.swift */; };
		F9C0174A282CB52A009E4078 /* Bookworm.xcdatamodeld in Sources */ = {isa = PBXBuildFile; fileRef = F9C01748282CB52A009E4078 /* Bookworm.xcdatamodeld */; };
		F9C0174C282CB598009E4078 /* DataController.swift in Sources */ = {isa = PBXBuildFile; fileRef = F9C0174B282CB598009E4078 /* DataController.swift */; };
		F9C0174E282CD5B7009E4078 /* StudentEntityDemo.swift in Sources */ = {isa = PBXBuildFile; fileRef = F9C0174D282CD5B7009E4078 /* StudentEntityDemo.swift */; };
		F9C01750282CDC6F009E4078 /* AddBookView.swift in Sources */ = {isa = PBXBuildFile; fileRef = F9C0174F282CDC6F009E4078 /* AddBookView.swift */; };
		F9C01752282CDFED009E4078 /* RatingView.swift in Sources */ = {isa = PBXBuildFile; fileRef = F9C01751282CDFED009E4078 /* RatingView.swift */; };
		F9C01754282D0780009E4078 /* EmojiRatingView.swift in Sources */ = {isa = PBXBuildFile; fileRef = F9C01753282D0780009E4078 /* EmojiRatingView.swift */; };
		F9C01756282E30CB009E4078 /* BookDetailView.swift in Sources */ = {isa = PBXBuildFile; fileRef = F9C01755282E30CB009E4078 /* BookDetailView.swift */; };
		F9C0175C28323660009E4078 /* CoreDataContentView.swift in Sources */ = {isa = PBXBuildFile; fileRef = F9C0175B28323660009E4078 /* CoreDataContentView.swift */; };
		F9C0175F28323680009E4078 /* CoreDataProject.xcdatamodeld in Sources */ = {isa = PBXBuildFile; fileRef = F9C0175D28323680009E4078 /* CoreDataProject.xcdatamodeld */; };
		F9C0176128323773009E4078 /* Project12DataController.swift in Sources */ = {isa = PBXBuildFile; fileRef = F9C0176028323773009E4078 /* Project12DataController.swift */; };
		F9C0176428323A6B009E4078 /* HashableDemo.swift in Sources */ = {isa = PBXBuildFile; fileRef = F9C0176328323A6B009E4078 /* HashableDemo.swift */; };
		F9C0176728323B58009E4078 /* Movie+CoreDataClass.swift in Sources */ = {isa = PBXBuildFile; fileRef = F9C0176528323B58009E4078 /* Movie+CoreDataClass.swift */; };
		F9C0176828323B58009E4078 /* Movie+CoreDataProperties.swift in Sources */ = {isa = PBXBuildFile; fileRef = F9C0176628323B58009E4078 /* Movie+CoreDataProperties.swift */; };
		F9C0176A28323D84009E4078 /* MocConditionalSaveDemo.swift in Sources */ = {isa = PBXBuildFile; fileRef = F9C0176928323D84009E4078 /* MocConditionalSaveDemo.swift */; };
		F9C0D461283E10710007C890 /* BucketListContentView.swift in Sources */ = {isa = PBXBuildFile; fileRef = F9C0D460283E10710007C890 /* BucketListContentView.swift */; };
		F9C0D463283E19D10007C890 /* ComparableDemo.swift in Sources */ = {isa = PBXBuildFile; fileRef = F9C0D462283E19D10007C890 /* ComparableDemo.swift */; };
		F9C0D465283E1DF00007C890 /* WriteDataToDocumentsDemo.swift in Sources */ = {isa = PBXBuildFile; fileRef = F9C0D464283E1DF00007C890 /* WriteDataToDocumentsDemo.swift */; };
		F9C17082283F4F5E000EB0B9 /* StateWithEnumDemo.swift in Sources */ = {isa = PBXBuildFile; fileRef = F9C17081283F4F5E000EB0B9 /* StateWithEnumDemo.swift */; };
		F9C17084283F52F9000EB0B9 /* MapKitDemo.swift in Sources */ = {isa = PBXBuildFile; fileRef = F9C17083283F52F9000EB0B9 /* MapKitDemo.swift */; };
		F9EF99E0283768E5005DBC91 /* FriendFace.xcdatamodeld in Sources */ = {isa = PBXBuildFile; fileRef = F9EF99DE283768E5005DBC91 /* FriendFace.xcdatamodeld */; };
		F9EF99EA28376FD1005DBC91 /* FriendFaceDataController.swift in Sources */ = {isa = PBXBuildFile; fileRef = F9EF99E928376FD1005DBC91 /* FriendFaceDataController.swift */; };
		F9EF99F728378688005DBC91 /* CachedFriend+CoreDataClass.swift in Sources */ = {isa = PBXBuildFile; fileRef = F9EF99F328378688005DBC91 /* CachedFriend+CoreDataClass.swift */; };
		F9EF99F828378688005DBC91 /* CachedFriend+CoreDataProperties.swift in Sources */ = {isa = PBXBuildFile; fileRef = F9EF99F428378688005DBC91 /* CachedFriend+CoreDataProperties.swift */; };
		F9EF99F928378688005DBC91 /* CachedUser+CoreDataClass.swift in Sources */ = {isa = PBXBuildFile; fileRef = F9EF99F528378688005DBC91 /* CachedUser+CoreDataClass.swift */; };
		F9EF99FA28378688005DBC91 /* CachedUser+CoreDataProperties.swift in Sources */ = {isa = PBXBuildFile; fileRef = F9EF99F628378688005DBC91 /* CachedUser+CoreDataProperties.swift */; };
		F9F6F35B281921B1003FD5E7 /* MoonshotContentView.swift in Sources */ = {isa = PBXBuildFile; fileRef = F9F6F35A281921B1003FD5E7 /* MoonshotContentView.swift */; };
		F9F6F35D28192A46003FD5E7 /* LazyScrollView.swift in Sources */ = {isa = PBXBuildFile; fileRef = F9F6F35C28192A46003FD5E7 /* LazyScrollView.swift */; };
		F9F6F35F28192CD9003FD5E7 /* NavigationLinkDemoView.swift in Sources */ = {isa = PBXBuildFile; fileRef = F9F6F35E28192CD9003FD5E7 /* NavigationLinkDemoView.swift */; };
		F9F6F36128192F9F003FD5E7 /* DecodableButton.swift in Sources */ = {isa = PBXBuildFile; fileRef = F9F6F36028192F9F003FD5E7 /* DecodableButton.swift */; };
		F9F6F36328192FCC003FD5E7 /* ScrollingGridView.swift in Sources */ = {isa = PBXBuildFile; fileRef = F9F6F36228192FCC003FD5E7 /* ScrollingGridView.swift */; };
		F9F6F366281A3B08003FD5E7 /* astronauts.json in Resources */ = {isa = PBXBuildFile; fileRef = F9F6F364281A3B08003FD5E7 /* astronauts.json */; };
		F9F6F367281A3B08003FD5E7 /* missions.json in Resources */ = {isa = PBXBuildFile; fileRef = F9F6F365281A3B08003FD5E7 /* missions.json */; };
		F9F6F36A281A3B99003FD5E7 /* Astronaut.swift in Sources */ = {isa = PBXBuildFile; fileRef = F9F6F369281A3B99003FD5E7 /* Astronaut.swift */; };
		F9F6F36D281A3BE9003FD5E7 /* Bundle-Decodable.swift in Sources */ = {isa = PBXBuildFile; fileRef = F9F6F36C281A3BE9003FD5E7 /* Bundle-Decodable.swift */; };
		F9F6F36F281A3E57003FD5E7 /* Mission.swift in Sources */ = {isa = PBXBuildFile; fileRef = F9F6F36E281A3E57003FD5E7 /* Mission.swift */; };
		F9F6F371281A4497003FD5E7 /* Color-Theme.swift in Sources */ = {isa = PBXBuildFile; fileRef = F9F6F370281A4497003FD5E7 /* Color-Theme.swift */; };
		F9F6F373281A641E003FD5E7 /* MissionView.swift in Sources */ = {isa = PBXBuildFile; fileRef = F9F6F372281A641E003FD5E7 /* MissionView.swift */; };
		F9F6F375281A6B54003FD5E7 /* AstronautView.swift in Sources */ = {isa = PBXBuildFile; fileRef = F9F6F374281A6B54003FD5E7 /* AstronautView.swift */; };
		F9F6F377281A784C003FD5E7 /* MissionGridView.swift in Sources */ = {isa = PBXBuildFile; fileRef = F9F6F376281A784C003FD5E7 /* MissionGridView.swift */; };
		F9F6F379281A794C003FD5E7 /* CrewMember.swift in Sources */ = {isa = PBXBuildFile; fileRef = F9F6F378281A794C003FD5E7 /* CrewMember.swift */; };
		F9F6F37B281A828C003FD5E7 /* MissionListView.swift in Sources */ = {isa = PBXBuildFile; fileRef = F9F6F37A281A828C003FD5E7 /* MissionListView.swift */; };
		F9F8AB712833738A00177C5C /* MergePolicyDemo.swift in Sources */ = {isa = PBXBuildFile; fileRef = F9F8AB702833738A00177C5C /* MergePolicyDemo.swift */; };
		F9F8AB732833773700177C5C /* NSPredicateDemo.swift in Sources */ = {isa = PBXBuildFile; fileRef = F9F8AB722833773700177C5C /* NSPredicateDemo.swift */; };
		F9F8AB762833785900177C5C /* Singer+CoreDataClass.swift in Sources */ = {isa = PBXBuildFile; fileRef = F9F8AB742833785900177C5C /* Singer+CoreDataClass.swift */; };
		F9F8AB772833785900177C5C /* Singer+CoreDataProperties.swift in Sources */ = {isa = PBXBuildFile; fileRef = F9F8AB752833785900177C5C /* Singer+CoreDataProperties.swift */; };
		F9F8AB792833794000177C5C /* FilteredList.swift in Sources */ = {isa = PBXBuildFile; fileRef = F9F8AB782833794000177C5C /* FilteredList.swift */; };
		F9F8AB7B283386A500177C5C /* DynamicallyFilteringDemo.swift in Sources */ = {isa = PBXBuildFile; fileRef = F9F8AB7A283386A500177C5C /* DynamicallyFilteringDemo.swift */; };
		F9F8AB802833881D00177C5C /* Country+CoreDataClass.swift in Sources */ = {isa = PBXBuildFile; fileRef = F9F8AB7C2833881D00177C5C /* Country+CoreDataClass.swift */; };
		F9F8AB812833881D00177C5C /* Country+CoreDataProperties.swift in Sources */ = {isa = PBXBuildFile; fileRef = F9F8AB7D2833881D00177C5C /* Country+CoreDataProperties.swift */; };
		F9F8AB822833881D00177C5C /* Candy+CoreDataClass.swift in Sources */ = {isa = PBXBuildFile; fileRef = F9F8AB7E2833881D00177C5C /* Candy+CoreDataClass.swift */; };
		F9F8AB832833881D00177C5C /* Candy+CoreDataProperties.swift in Sources */ = {isa = PBXBuildFile; fileRef = F9F8AB7F2833881D00177C5C /* Candy+CoreDataProperties.swift */; };
		F9F8AB852834C00F00177C5C /* PredicateWay.swift in Sources */ = {isa = PBXBuildFile; fileRef = F9F8AB842834C00E00177C5C /* PredicateWay.swift */; };
		F9F8AB8B2835F5CF00177C5C /* User.swift in Sources */ = {isa = PBXBuildFile; fileRef = F9F8AB8A2835F5CF00177C5C /* User.swift */; };
		F9F8AB8D28360D4200177C5C /* Friend.swift in Sources */ = {isa = PBXBuildFile; fileRef = F9F8AB8C28360D4200177C5C /* Friend.swift */; };
		F9F8AB8F28360DC300177C5C /* FriendFaceContentView.swift in Sources */ = {isa = PBXBuildFile; fileRef = F9F8AB8E28360DC300177C5C /* FriendFaceContentView.swift */; };
		F9F8AB912836164500177C5C /* UserDetailView.swift in Sources */ = {isa = PBXBuildFile; fileRef = F9F8AB902836164500177C5C /* UserDetailView.swift */; };
/* End PBXBuildFile section */

/* Begin PBXContainerItemProxy section */
		F97ED3A227F2D2490033C15C /* PBXContainerItemProxy */ = {
			isa = PBXContainerItemProxy;
			containerPortal = F97ED38927F2D2470033C15C /* Project object */;
			proxyType = 1;
			remoteGlobalIDString = F97ED39027F2D2470033C15C;
			remoteInfo = HundredDaysOfSwiftUI;
		};
		F97ED3AC27F2D2490033C15C /* PBXContainerItemProxy */ = {
			isa = PBXContainerItemProxy;
			containerPortal = F97ED38927F2D2470033C15C /* Project object */;
			proxyType = 1;
			remoteGlobalIDString = F97ED39027F2D2470033C15C;
			remoteInfo = HundredDaysOfSwiftUI;
		};
/* End PBXContainerItemProxy section */

/* Begin PBXFileReference section */
		F903B36828446134008578C1 /* Result.swift */ = {isa = PBXFileReference; lastKnownFileType = sourcecode.swift; path = Result.swift; sourceTree = "<group>"; };
		F903B37F2845B921008578C1 /* BucketList-ViewModel.swift */ = {isa = PBXFileReference; lastKnownFileType = sourcecode.swift; path = "BucketList-ViewModel.swift"; sourceTree = "<group>"; };
		F903B3812845BC63008578C1 /* FileManager-DocumentDirectory.swift */ = {isa = PBXFileReference; lastKnownFileType = sourcecode.swift; path = "FileManager-DocumentDirectory.swift"; sourceTree = "<group>"; };
		F90EFC962820D4B300DC38AE /* DrawingContentView.swift */ = {isa = PBXFileReference; lastKnownFileType = sourcecode.swift; path = DrawingContentView.swift; sourceTree = "<group>"; };
		F90EFC982820FB5E00DC38AE /* PathExample.swift */ = {isa = PBXFileReference; lastKnownFileType = sourcecode.swift; path = PathExample.swift; sourceTree = "<group>"; };
		F90EFC9A282100D300DC38AE /* FlowerDemo.swift */ = {isa = PBXFileReference; lastKnownFileType = sourcecode.swift; path = FlowerDemo.swift; sourceTree = "<group>"; };
		F90EFC9C282103FD00DC38AE /* ImagePaintDemo.swift */ = {isa = PBXFileReference; lastKnownFileType = sourcecode.swift; path = ImagePaintDemo.swift; sourceTree = "<group>"; };
		F90EFC9E2821069B00DC38AE /* ColorCyclingCircle.swift */ = {isa = PBXFileReference; lastKnownFileType = sourcecode.swift; path = ColorCyclingCircle.swift; sourceTree = "<group>"; };
		F90EFCA028210FEC00DC38AE /* BlendModeDemo.swift */ = {isa = PBXFileReference; lastKnownFileType = sourcecode.swift; path = BlendModeDemo.swift; sourceTree = "<group>"; };
		F90EFCA22821141A00DC38AE /* AnimatableDataDemo.swift */ = {isa = PBXFileReference; lastKnownFileType = sourcecode.swift; path = AnimatableDataDemo.swift; sourceTree = "<group>"; };
		F90EFCA4282116CB00DC38AE /* AnimatablePairDemo.swift */ = {isa = PBXFileReference; lastKnownFileType = sourcecode.swift; path = AnimatablePairDemo.swift; sourceTree = "<group>"; };
		F90EFCA628211B0900DC38AE /* SpirographDemo.swift */ = {isa = PBXFileReference; lastKnownFileType = sourcecode.swift; path = SpirographDemo.swift; sourceTree = "<group>"; };
		F90EFCA828224B7200DC38AE /* Challenge_AnimatableArrow.swift */ = {isa = PBXFileReference; lastKnownFileType = sourcecode.swift; path = Challenge_AnimatableArrow.swift; sourceTree = "<group>"; };
		F90EFCAA28224C2600DC38AE /* Challenge_ColorCyclingRectangle.swift */ = {isa = PBXFileReference; lastKnownFileType = sourcecode.swift; path = Challenge_ColorCyclingRectangle.swift; sourceTree = "<group>"; };
		F90EFCAF2823698600DC38AE /* HabitTrackingContentView.swift */ = {isa = PBXFileReference; lastKnownFileType = sourcecode.swift; path = HabitTrackingContentView.swift; sourceTree = "<group>"; };
		F90EFCB128236A2B00DC38AE /* Activity.swift */ = {isa = PBXFileReference; lastKnownFileType = sourcecode.swift; path = Activity.swift; sourceTree = "<group>"; };
		F90EFCB328236A6700DC38AE /* Activities.swift */ = {isa = PBXFileReference; lastKnownFileType = sourcecode.swift; path = Activities.swift; sourceTree = "<group>"; };
		F90EFCB628236D3C00DC38AE /* AddActivityView.swift */ = {isa = PBXFileReference; lastKnownFileType = sourcecode.swift; path = AddActivityView.swift; sourceTree = "<group>"; };
		F90EFCB82823ACBB00DC38AE /* DetailActivityView.swift */ = {isa = PBXFileReference; lastKnownFileType = sourcecode.swift; path = DetailActivityView.swift; sourceTree = "<group>"; };
		F927B7512817987900637927 /* iExpenseContentView.swift */ = {isa = PBXFileReference; lastKnownFileType = sourcecode.swift; path = iExpenseContentView.swift; sourceTree = "<group>"; };
		F927B7532817C09F00637927 /* DeleteView.swift */ = {isa = PBXFileReference; lastKnownFileType = sourcecode.swift; path = DeleteView.swift; sourceTree = "<group>"; };
		F927B7552817C59D00637927 /* AppStorageView.swift */ = {isa = PBXFileReference; lastKnownFileType = sourcecode.swift; path = AppStorageView.swift; sourceTree = "<group>"; };
		F927B7572817C5C500637927 /* DismissView.swift */ = {isa = PBXFileReference; lastKnownFileType = sourcecode.swift; path = DismissView.swift; sourceTree = "<group>"; };
		F927B7592817D11300637927 /* CodableView.swift */ = {isa = PBXFileReference; lastKnownFileType = sourcecode.swift; path = CodableView.swift; sourceTree = "<group>"; };
		F927B75B2817D18F00637927 /* ExpenseItem.swift */ = {isa = PBXFileReference; lastKnownFileType = sourcecode.swift; path = ExpenseItem.swift; sourceTree = "<group>"; };
		F927B75D2817D1CE00637927 /* Expenses.swift */ = {isa = PBXFileReference; lastKnownFileType = sourcecode.swift; path = Expenses.swift; sourceTree = "<group>"; };
		F927B75F2817D68900637927 /* AddView.swift */ = {isa = PBXFileReference; lastKnownFileType = sourcecode.swift; path = AddView.swift; sourceTree = "<group>"; };
		F97ED39127F2D2470033C15C /* HundredDaysOfSwiftUI.app */ = {isa = PBXFileReference; explicitFileType = wrapper.application; includeInIndex = 0; path = HundredDaysOfSwiftUI.app; sourceTree = BUILT_PRODUCTS_DIR; };
		F97ED39427F2D2470033C15C /* HundredDaysOfSwiftUIApp.swift */ = {isa = PBXFileReference; lastKnownFileType = sourcecode.swift; path = HundredDaysOfSwiftUIApp.swift; sourceTree = "<group>"; };
		F97ED39627F2D2470033C15C /* ContentView.swift */ = {isa = PBXFileReference; lastKnownFileType = sourcecode.swift; path = ContentView.swift; sourceTree = "<group>"; };
		F97ED39827F2D2490033C15C /* Assets.xcassets */ = {isa = PBXFileReference; lastKnownFileType = folder.assetcatalog; path = Assets.xcassets; sourceTree = "<group>"; };
		F97ED39B27F2D2490033C15C /* Preview Assets.xcassets */ = {isa = PBXFileReference; lastKnownFileType = folder.assetcatalog; path = "Preview Assets.xcassets"; sourceTree = "<group>"; };
		F97ED3A127F2D2490033C15C /* HundredDaysOfSwiftUITests.xctest */ = {isa = PBXFileReference; explicitFileType = wrapper.cfbundle; includeInIndex = 0; path = HundredDaysOfSwiftUITests.xctest; sourceTree = BUILT_PRODUCTS_DIR; };
		F97ED3A527F2D2490033C15C /* HundredDaysOfSwiftUITests.swift */ = {isa = PBXFileReference; lastKnownFileType = sourcecode.swift; path = HundredDaysOfSwiftUITests.swift; sourceTree = "<group>"; };
		F97ED3AB27F2D2490033C15C /* HundredDaysOfSwiftUIUITests.xctest */ = {isa = PBXFileReference; explicitFileType = wrapper.cfbundle; includeInIndex = 0; path = HundredDaysOfSwiftUIUITests.xctest; sourceTree = BUILT_PRODUCTS_DIR; };
		F97ED3AF27F2D2490033C15C /* HundredDaysOfSwiftUIUITests.swift */ = {isa = PBXFileReference; lastKnownFileType = sourcecode.swift; path = HundredDaysOfSwiftUIUITests.swift; sourceTree = "<group>"; };
		F97ED3B127F2D2490033C15C /* HundredDaysOfSwiftUIUITestsLaunchTests.swift */ = {isa = PBXFileReference; lastKnownFileType = sourcecode.swift; path = HundredDaysOfSwiftUIUITestsLaunchTests.swift; sourceTree = "<group>"; };
		F97ED3BF27F2DB6E0033C15C /* Playground.playground */ = {isa = PBXFileReference; lastKnownFileType = file.playground; path = Playground.playground; sourceTree = "<group>"; xcLanguageSpecificationIdentifier = xcode.lang.swift; };
		F99F3D60283B5A7C009106FA /* InstafilterContentView.swift */ = {isa = PBXFileReference; lastKnownFileType = sourcecode.swift; path = InstafilterContentView.swift; sourceTree = "<group>"; };
		F99F3D62283B61FC009106FA /* OnChangedDemo.swift */ = {isa = PBXFileReference; lastKnownFileType = sourcecode.swift; path = OnChangedDemo.swift; sourceTree = "<group>"; };
		F99F3D64283B668F009106FA /* ConfirmationDialogDemo.swift */ = {isa = PBXFileReference; lastKnownFileType = sourcecode.swift; path = ConfirmationDialogDemo.swift; sourceTree = "<group>"; };
		F99F3D66283B6BE0009106FA /* CoreImageDemo.swift */ = {isa = PBXFileReference; lastKnownFileType = sourcecode.swift; path = CoreImageDemo.swift; sourceTree = "<group>"; };
		F99F3D68283B6DB9009106FA /* ImagePicker.swift */ = {isa = PBXFileReference; lastKnownFileType = sourcecode.swift; path = ImagePicker.swift; sourceTree = "<group>"; };
		F99F3D6A283B7CEE009106FA /* ImageSaver.swift */ = {isa = PBXFileReference; lastKnownFileType = sourcecode.swift; path = ImageSaver.swift; sourceTree = "<group>"; };
		F99F3D6C283B81EF009106FA /* IntergrateUIKitDemo.swift */ = {isa = PBXFileReference; lastKnownFileType = sourcecode.swift; path = IntergrateUIKitDemo.swift; sourceTree = "<group>"; };
		F99FC3F928054E6A0054CAF7 /* ChallengeOneContentView.swift */ = {isa = PBXFileReference; lastKnownFileType = sourcecode.swift; path = ChallengeOneContentView.swift; sourceTree = "<group>"; };
		F99FC3FC2806740F0054CAF7 /* GuessTheFlagContentView.swift */ = {isa = PBXFileReference; lastKnownFileType = sourcecode.swift; path = GuessTheFlagContentView.swift; sourceTree = "<group>"; };
		F99FC3FF2807FEB70054CAF7 /* ViewsAndModifiersContentView.swift */ = {isa = PBXFileReference; lastKnownFileType = sourcecode.swift; path = ViewsAndModifiersContentView.swift; sourceTree = "<group>"; };
		F99FC402280D0BE00054CAF7 /* RPSContentView.swift */ = {isa = PBXFileReference; lastKnownFileType = sourcecode.swift; path = RPSContentView.swift; sourceTree = "<group>"; };
		F9A5761A280E5E2500866612 /* BetterRestContentView.swift */ = {isa = PBXFileReference; lastKnownFileType = sourcecode.swift; path = BetterRestContentView.swift; sourceTree = "<group>"; };
		F9A5761E280E8CD800866612 /* SleepCalculator.mlmodel */ = {isa = PBXFileReference; lastKnownFileType = file.mlmodel; path = SleepCalculator.mlmodel; sourceTree = "<group>"; };
		F9A57621280FA97000866612 /* WordScrambleContentView.swift */ = {isa = PBXFileReference; lastKnownFileType = sourcecode.swift; path = WordScrambleContentView.swift; sourceTree = "<group>"; };
		F9A57623280FD9B100866612 /* start.txt */ = {isa = PBXFileReference; fileEncoding = 4; lastKnownFileType = text; path = start.txt; sourceTree = "<group>"; };
		F9A576262810F9AF00866612 /* AnimationsContentView.swift */ = {isa = PBXFileReference; lastKnownFileType = sourcecode.swift; path = AnimationsContentView.swift; sourceTree = "<group>"; };
		F9A576282811039200866612 /* OverlayButton.swift */ = {isa = PBXFileReference; lastKnownFileType = sourcecode.swift; path = OverlayButton.swift; sourceTree = "<group>"; };
		F9A5762A281105E000866612 /* StepperAnimation.swift */ = {isa = PBXFileReference; lastKnownFileType = sourcecode.swift; path = StepperAnimation.swift; sourceTree = "<group>"; };
		F9A5762C281134E800866612 /* WordDragging.swift */ = {isa = PBXFileReference; lastKnownFileType = sourcecode.swift; path = WordDragging.swift; sourceTree = "<group>"; };
		F9A5762F2812531000866612 /* EdutainmentContentView.swift */ = {isa = PBXFileReference; lastKnownFileType = sourcecode.swift; path = EdutainmentContentView.swift; sourceTree = "<group>"; };
		F9B8274728406A50005CD32A /* BiometricsLoginDemo.swift */ = {isa = PBXFileReference; lastKnownFileType = sourcecode.swift; path = BiometricsLoginDemo.swift; sourceTree = "<group>"; };
		F9B8274928406BC9005CD32A /* Location.swift */ = {isa = PBXFileReference; lastKnownFileType = sourcecode.swift; path = Location.swift; sourceTree = "<group>"; };
		F9B8274D28407204005CD32A /* MapEditView.swift */ = {isa = PBXFileReference; lastKnownFileType = sourcecode.swift; path = MapEditView.swift; sourceTree = "<group>"; };
		F9BAA3E92828BCC1008F21E6 /* CupcakeCornerContentView.swift */ = {isa = PBXFileReference; lastKnownFileType = sourcecode.swift; path = CupcakeCornerContentView.swift; sourceTree = "<group>"; };
		F9BAA3EB2828F1E4008F21E6 /* URLSessionDemo.swift */ = {isa = PBXFileReference; lastKnownFileType = sourcecode.swift; path = URLSessionDemo.swift; sourceTree = "<group>"; };
		F9BAA3EF2828F252008F21E6 /* CodableClassExample.swift */ = {isa = PBXFileReference; lastKnownFileType = sourcecode.swift; path = CodableClassExample.swift; sourceTree = "<group>"; };
		F9BAA3F32828F99E008F21E6 /* AsyncImageDemo.swift */ = {isa = PBXFileReference; lastKnownFileType = sourcecode.swift; path = AsyncImageDemo.swift; sourceTree = "<group>"; };
		F9BAA3F5282A2C56008F21E6 /* DisabledDemo.swift */ = {isa = PBXFileReference; lastKnownFileType = sourcecode.swift; path = DisabledDemo.swift; sourceTree = "<group>"; };
		F9BAA3F7282A2D61008F21E6 /* Order.swift */ = {isa = PBXFileReference; lastKnownFileType = sourcecode.swift; path = Order.swift; sourceTree = "<group>"; };
		F9BAA3F9282A2FEF008F21E6 /* AddressView.swift */ = {isa = PBXFileReference; lastKnownFileType = sourcecode.swift; path = AddressView.swift; sourceTree = "<group>"; };
		F9BAA3FB282A30A8008F21E6 /* CheckoutView.swift */ = {isa = PBXFileReference; lastKnownFileType = sourcecode.swift; path = CheckoutView.swift; sourceTree = "<group>"; };
		F9C01741282B9641009E4078 /* Cupcake.swift */ = {isa = PBXFileReference; lastKnownFileType = sourcecode.swift; path = Cupcake.swift; sourceTree = "<group>"; };
		F9C01744282CAFF2009E4078 /* BookwormContentView.swift */ = {isa = PBXFileReference; lastKnownFileType = sourcecode.swift; path = BookwormContentView.swift; sourceTree = "<group>"; };
		F9C01746282CB240009E4078 /* BindingBtnDemo.swift */ = {isa = PBXFileReference; lastKnownFileType = sourcecode.swift; path = BindingBtnDemo.swift; sourceTree = "<group>"; };
		F9C01749282CB52A009E4078 /* Bookworm.xcdatamodel */ = {isa = PBXFileReference; lastKnownFileType = wrapper.xcdatamodel; path = Bookworm.xcdatamodel; sourceTree = "<group>"; };
		F9C0174B282CB598009E4078 /* DataController.swift */ = {isa = PBXFileReference; lastKnownFileType = sourcecode.swift; path = DataController.swift; sourceTree = "<group>"; };
		F9C0174D282CD5B7009E4078 /* StudentEntityDemo.swift */ = {isa = PBXFileReference; lastKnownFileType = sourcecode.swift; path = StudentEntityDemo.swift; sourceTree = "<group>"; };
		F9C0174F282CDC6F009E4078 /* AddBookView.swift */ = {isa = PBXFileReference; lastKnownFileType = sourcecode.swift; path = AddBookView.swift; sourceTree = "<group>"; };
		F9C01751282CDFED009E4078 /* RatingView.swift */ = {isa = PBXFileReference; lastKnownFileType = sourcecode.swift; path = RatingView.swift; sourceTree = "<group>"; };
		F9C01753282D0780009E4078 /* EmojiRatingView.swift */ = {isa = PBXFileReference; lastKnownFileType = sourcecode.swift; path = EmojiRatingView.swift; sourceTree = "<group>"; };
		F9C01755282E30CB009E4078 /* BookDetailView.swift */ = {isa = PBXFileReference; lastKnownFileType = sourcecode.swift; path = BookDetailView.swift; sourceTree = "<group>"; };
		F9C0175B28323660009E4078 /* CoreDataContentView.swift */ = {isa = PBXFileReference; lastKnownFileType = sourcecode.swift; path = CoreDataContentView.swift; sourceTree = "<group>"; };
		F9C0175E28323680009E4078 /* CoreDataProject.xcdatamodel */ = {isa = PBXFileReference; lastKnownFileType = wrapper.xcdatamodel; path = CoreDataProject.xcdatamodel; sourceTree = "<group>"; };
		F9C0176028323773009E4078 /* Project12DataController.swift */ = {isa = PBXFileReference; lastKnownFileType = sourcecode.swift; path = Project12DataController.swift; sourceTree = "<group>"; };
		F9C0176328323A6B009E4078 /* HashableDemo.swift */ = {isa = PBXFileReference; lastKnownFileType = sourcecode.swift; path = HashableDemo.swift; sourceTree = "<group>"; };
		F9C0176528323B58009E4078 /* Movie+CoreDataClass.swift */ = {isa = PBXFileReference; lastKnownFileType = sourcecode.swift; path = "Movie+CoreDataClass.swift"; sourceTree = "<group>"; };
		F9C0176628323B58009E4078 /* Movie+CoreDataProperties.swift */ = {isa = PBXFileReference; lastKnownFileType = sourcecode.swift; path = "Movie+CoreDataProperties.swift"; sourceTree = "<group>"; };
		F9C0176928323D84009E4078 /* MocConditionalSaveDemo.swift */ = {isa = PBXFileReference; lastKnownFileType = sourcecode.swift; path = MocConditionalSaveDemo.swift; sourceTree = "<group>"; };
		F9C0D460283E10710007C890 /* BucketListContentView.swift */ = {isa = PBXFileReference; lastKnownFileType = sourcecode.swift; path = BucketListContentView.swift; sourceTree = "<group>"; };
		F9C0D462283E19D10007C890 /* ComparableDemo.swift */ = {isa = PBXFileReference; lastKnownFileType = sourcecode.swift; path = ComparableDemo.swift; sourceTree = "<group>"; };
		F9C0D464283E1DF00007C890 /* WriteDataToDocumentsDemo.swift */ = {isa = PBXFileReference; lastKnownFileType = sourcecode.swift; path = WriteDataToDocumentsDemo.swift; sourceTree = "<group>"; };
		F9C17081283F4F5E000EB0B9 /* StateWithEnumDemo.swift */ = {isa = PBXFileReference; lastKnownFileType = sourcecode.swift; path = StateWithEnumDemo.swift; sourceTree = "<group>"; };
		F9C17083283F52F9000EB0B9 /* MapKitDemo.swift */ = {isa = PBXFileReference; lastKnownFileType = sourcecode.swift; path = MapKitDemo.swift; sourceTree = "<group>"; };
		F9EF99DF283768E5005DBC91 /* FriendFace.xcdatamodel */ = {isa = PBXFileReference; lastKnownFileType = wrapper.xcdatamodel; path = FriendFace.xcdatamodel; sourceTree = "<group>"; };
		F9EF99E928376FD1005DBC91 /* FriendFaceDataController.swift */ = {isa = PBXFileReference; lastKnownFileType = sourcecode.swift; path = FriendFaceDataController.swift; sourceTree = "<group>"; };
		F9EF99F328378688005DBC91 /* CachedFriend+CoreDataClass.swift */ = {isa = PBXFileReference; lastKnownFileType = sourcecode.swift; path = "CachedFriend+CoreDataClass.swift"; sourceTree = "<group>"; };
		F9EF99F428378688005DBC91 /* CachedFriend+CoreDataProperties.swift */ = {isa = PBXFileReference; lastKnownFileType = sourcecode.swift; path = "CachedFriend+CoreDataProperties.swift"; sourceTree = "<group>"; };
		F9EF99F528378688005DBC91 /* CachedUser+CoreDataClass.swift */ = {isa = PBXFileReference; lastKnownFileType = sourcecode.swift; path = "CachedUser+CoreDataClass.swift"; sourceTree = "<group>"; };
		F9EF99F628378688005DBC91 /* CachedUser+CoreDataProperties.swift */ = {isa = PBXFileReference; lastKnownFileType = sourcecode.swift; path = "CachedUser+CoreDataProperties.swift"; sourceTree = "<group>"; };
		F9F6F35A281921B1003FD5E7 /* MoonshotContentView.swift */ = {isa = PBXFileReference; lastKnownFileType = sourcecode.swift; path = MoonshotContentView.swift; sourceTree = "<group>"; };
		F9F6F35C28192A46003FD5E7 /* LazyScrollView.swift */ = {isa = PBXFileReference; lastKnownFileType = sourcecode.swift; path = LazyScrollView.swift; sourceTree = "<group>"; };
		F9F6F35E28192CD9003FD5E7 /* NavigationLinkDemoView.swift */ = {isa = PBXFileReference; lastKnownFileType = sourcecode.swift; path = NavigationLinkDemoView.swift; sourceTree = "<group>"; };
		F9F6F36028192F9F003FD5E7 /* DecodableButton.swift */ = {isa = PBXFileReference; lastKnownFileType = sourcecode.swift; path = DecodableButton.swift; sourceTree = "<group>"; };
		F9F6F36228192FCC003FD5E7 /* ScrollingGridView.swift */ = {isa = PBXFileReference; lastKnownFileType = sourcecode.swift; path = ScrollingGridView.swift; sourceTree = "<group>"; };
		F9F6F364281A3B08003FD5E7 /* astronauts.json */ = {isa = PBXFileReference; fileEncoding = 4; lastKnownFileType = text.json; path = astronauts.json; sourceTree = "<group>"; };
		F9F6F365281A3B08003FD5E7 /* missions.json */ = {isa = PBXFileReference; fileEncoding = 4; lastKnownFileType = text.json; path = missions.json; sourceTree = "<group>"; };
		F9F6F369281A3B99003FD5E7 /* Astronaut.swift */ = {isa = PBXFileReference; lastKnownFileType = sourcecode.swift; path = Astronaut.swift; sourceTree = "<group>"; };
		F9F6F36C281A3BE9003FD5E7 /* Bundle-Decodable.swift */ = {isa = PBXFileReference; lastKnownFileType = sourcecode.swift; path = "Bundle-Decodable.swift"; sourceTree = "<group>"; };
		F9F6F36E281A3E57003FD5E7 /* Mission.swift */ = {isa = PBXFileReference; lastKnownFileType = sourcecode.swift; path = Mission.swift; sourceTree = "<group>"; };
		F9F6F370281A4497003FD5E7 /* Color-Theme.swift */ = {isa = PBXFileReference; lastKnownFileType = sourcecode.swift; path = "Color-Theme.swift"; sourceTree = "<group>"; };
		F9F6F372281A641E003FD5E7 /* MissionView.swift */ = {isa = PBXFileReference; lastKnownFileType = sourcecode.swift; path = MissionView.swift; sourceTree = "<group>"; };
		F9F6F374281A6B54003FD5E7 /* AstronautView.swift */ = {isa = PBXFileReference; lastKnownFileType = sourcecode.swift; path = AstronautView.swift; sourceTree = "<group>"; };
		F9F6F376281A784C003FD5E7 /* MissionGridView.swift */ = {isa = PBXFileReference; lastKnownFileType = sourcecode.swift; path = MissionGridView.swift; sourceTree = "<group>"; };
		F9F6F378281A794C003FD5E7 /* CrewMember.swift */ = {isa = PBXFileReference; lastKnownFileType = sourcecode.swift; path = CrewMember.swift; sourceTree = "<group>"; };
		F9F6F37A281A828C003FD5E7 /* MissionListView.swift */ = {isa = PBXFileReference; lastKnownFileType = sourcecode.swift; path = MissionListView.swift; sourceTree = "<group>"; };
		F9F8AB702833738A00177C5C /* MergePolicyDemo.swift */ = {isa = PBXFileReference; lastKnownFileType = sourcecode.swift; path = MergePolicyDemo.swift; sourceTree = "<group>"; };
		F9F8AB722833773700177C5C /* NSPredicateDemo.swift */ = {isa = PBXFileReference; lastKnownFileType = sourcecode.swift; path = NSPredicateDemo.swift; sourceTree = "<group>"; };
		F9F8AB742833785900177C5C /* Singer+CoreDataClass.swift */ = {isa = PBXFileReference; lastKnownFileType = sourcecode.swift; path = "Singer+CoreDataClass.swift"; sourceTree = "<group>"; };
		F9F8AB752833785900177C5C /* Singer+CoreDataProperties.swift */ = {isa = PBXFileReference; lastKnownFileType = sourcecode.swift; path = "Singer+CoreDataProperties.swift"; sourceTree = "<group>"; };
		F9F8AB782833794000177C5C /* FilteredList.swift */ = {isa = PBXFileReference; lastKnownFileType = sourcecode.swift; path = FilteredList.swift; sourceTree = "<group>"; };
		F9F8AB7A283386A500177C5C /* DynamicallyFilteringDemo.swift */ = {isa = PBXFileReference; lastKnownFileType = sourcecode.swift; path = DynamicallyFilteringDemo.swift; sourceTree = "<group>"; };
		F9F8AB7C2833881D00177C5C /* Country+CoreDataClass.swift */ = {isa = PBXFileReference; lastKnownFileType = sourcecode.swift; path = "Country+CoreDataClass.swift"; sourceTree = "<group>"; };
		F9F8AB7D2833881D00177C5C /* Country+CoreDataProperties.swift */ = {isa = PBXFileReference; lastKnownFileType = sourcecode.swift; path = "Country+CoreDataProperties.swift"; sourceTree = "<group>"; };
		F9F8AB7E2833881D00177C5C /* Candy+CoreDataClass.swift */ = {isa = PBXFileReference; lastKnownFileType = sourcecode.swift; path = "Candy+CoreDataClass.swift"; sourceTree = "<group>"; };
		F9F8AB7F2833881D00177C5C /* Candy+CoreDataProperties.swift */ = {isa = PBXFileReference; lastKnownFileType = sourcecode.swift; path = "Candy+CoreDataProperties.swift"; sourceTree = "<group>"; };
		F9F8AB842834C00E00177C5C /* PredicateWay.swift */ = {isa = PBXFileReference; lastKnownFileType = sourcecode.swift; path = PredicateWay.swift; sourceTree = "<group>"; };
		F9F8AB8A2835F5CF00177C5C /* User.swift */ = {isa = PBXFileReference; lastKnownFileType = sourcecode.swift; path = User.swift; sourceTree = "<group>"; };
		F9F8AB8C28360D4200177C5C /* Friend.swift */ = {isa = PBXFileReference; lastKnownFileType = sourcecode.swift; path = Friend.swift; sourceTree = "<group>"; };
		F9F8AB8E28360DC300177C5C /* FriendFaceContentView.swift */ = {isa = PBXFileReference; lastKnownFileType = sourcecode.swift; path = FriendFaceContentView.swift; sourceTree = "<group>"; };
		F9F8AB902836164500177C5C /* UserDetailView.swift */ = {isa = PBXFileReference; lastKnownFileType = sourcecode.swift; path = UserDetailView.swift; sourceTree = "<group>"; };
/* End PBXFileReference section */

/* Begin PBXFrameworksBuildPhase section */
		F97ED38E27F2D2470033C15C /* Frameworks */ = {
			isa = PBXFrameworksBuildPhase;
			buildActionMask = 2147483647;
			files = (
			);
			runOnlyForDeploymentPostprocessing = 0;
		};
		F97ED39E27F2D2490033C15C /* Frameworks */ = {
			isa = PBXFrameworksBuildPhase;
			buildActionMask = 2147483647;
			files = (
			);
			runOnlyForDeploymentPostprocessing = 0;
		};
		F97ED3A827F2D2490033C15C /* Frameworks */ = {
			isa = PBXFrameworksBuildPhase;
			buildActionMask = 2147483647;
			files = (
			);
			runOnlyForDeploymentPostprocessing = 0;
		};
/* End PBXFrameworksBuildPhase section */

/* Begin PBXGroup section */
		F90EFC932820D3BB00DC38AE /* Project9_Drawing */ = {
			isa = PBXGroup;
			children = (
				F90EFC962820D4B300DC38AE /* DrawingContentView.swift */,
				F90EFCAC28224E1A00DC38AE /* Challenges */,
				F90EFCAD28224E2C00DC38AE /* Examples */,
			);
			path = Project9_Drawing;
			sourceTree = "<group>";
		};
		F90EFCAC28224E1A00DC38AE /* Challenges */ = {
			isa = PBXGroup;
			children = (
				F90EFCA828224B7200DC38AE /* Challenge_AnimatableArrow.swift */,
				F90EFCAA28224C2600DC38AE /* Challenge_ColorCyclingRectangle.swift */,
			);
			path = Challenges;
			sourceTree = "<group>";
		};
		F90EFCAD28224E2C00DC38AE /* Examples */ = {
			isa = PBXGroup;
			children = (
				F90EFC982820FB5E00DC38AE /* PathExample.swift */,
				F90EFC9A282100D300DC38AE /* FlowerDemo.swift */,
				F90EFC9C282103FD00DC38AE /* ImagePaintDemo.swift */,
				F90EFC9E2821069B00DC38AE /* ColorCyclingCircle.swift */,
				F90EFCA028210FEC00DC38AE /* BlendModeDemo.swift */,
				F90EFCA22821141A00DC38AE /* AnimatableDataDemo.swift */,
				F90EFCA4282116CB00DC38AE /* AnimatablePairDemo.swift */,
				F90EFCA628211B0900DC38AE /* SpirographDemo.swift */,
			);
			path = Examples;
			sourceTree = "<group>";
		};
		F90EFCAE2823695500DC38AE /* Challenge4 */ = {
			isa = PBXGroup;
			children = (
				F90EFCB528236BA200DC38AE /* Model */,
				F90EFCBA2823B0CB00DC38AE /* View */,
			);
			path = Challenge4;
			sourceTree = "<group>";
		};
		F90EFCB528236BA200DC38AE /* Model */ = {
			isa = PBXGroup;
			children = (
				F90EFCB128236A2B00DC38AE /* Activity.swift */,
				F90EFCB328236A6700DC38AE /* Activities.swift */,
			);
			path = Model;
			sourceTree = "<group>";
		};
		F90EFCBA2823B0CB00DC38AE /* View */ = {
			isa = PBXGroup;
			children = (
				F90EFCAF2823698600DC38AE /* HabitTrackingContentView.swift */,
				F90EFCB628236D3C00DC38AE /* AddActivityView.swift */,
				F90EFCB82823ACBB00DC38AE /* DetailActivityView.swift */,
			);
			path = View;
			sourceTree = "<group>";
		};
		F927B750281797D700637927 /* Project7_iExpense */ = {
			isa = PBXGroup;
			children = (
				F9F6F358281912B4003FD5E7 /* Model */,
				F9F6F357281912AD003FD5E7 /* View */,
			);
			path = Project7_iExpense;
			sourceTree = "<group>";
		};
		F97ED38827F2D2470033C15C = {
			isa = PBXGroup;
			children = (
				F97ED3BF27F2DB6E0033C15C /* Playground.playground */,
				F97ED39327F2D2470033C15C /* HundredDaysOfSwiftUI */,
				F97ED3A427F2D2490033C15C /* HundredDaysOfSwiftUITests */,
				F97ED3AE27F2D2490033C15C /* HundredDaysOfSwiftUIUITests */,
				F97ED39227F2D2470033C15C /* Products */,
			);
			sourceTree = "<group>";
		};
		F97ED39227F2D2470033C15C /* Products */ = {
			isa = PBXGroup;
			children = (
				F97ED39127F2D2470033C15C /* HundredDaysOfSwiftUI.app */,
				F97ED3A127F2D2490033C15C /* HundredDaysOfSwiftUITests.xctest */,
				F97ED3AB27F2D2490033C15C /* HundredDaysOfSwiftUIUITests.xctest */,
			);
			name = Products;
			sourceTree = "<group>";
		};
		F97ED39327F2D2470033C15C /* HundredDaysOfSwiftUI */ = {
			isa = PBXGroup;
			children = (
				F97ED39427F2D2470033C15C /* HundredDaysOfSwiftUIApp.swift */,
				F99FC3F728054C430054CAF7 /* Project1_WeSplit */,
				F99FC3F828054E330054CAF7 /* Challenge1 */,
				F99FC3FB280673CD0054CAF7 /* Project2_GuessTheFlag */,
				F99FC3FE2807FE8E0054CAF7 /* Project3_ViewsAndModifiers */,
				F99FC401280D0BC30054CAF7 /* Chanllenge2 */,
				F9A57619280E5DB600866612 /* Project4_ BetterRest */,
				F9A57620280FA95300866612 /* Project5_WordScramble */,
				F9A576252810F96600866612 /* Project6_Animations */,
				F9A5762E281252F600866612 /* Challenge3 */,
				F927B750281797D700637927 /* Project7_iExpense */,
				F9F6F35928192179003FD5E7 /* Project8_MoonShot */,
				F90EFC932820D3BB00DC38AE /* Project9_Drawing */,
				F90EFCAE2823695500DC38AE /* Challenge4 */,
				F9BAA3E82828BBB1008F21E6 /* Project10_CupcakeCorner */,
				F9C01743282CAFD6009E4078 /* Project11_Bookworm */,
				F9C0175A2832364E009E4078 /* Project12_CoreData */,
				F9F8AB882835F4F700177C5C /* Challenge5 */,
				F99F3D5F283B5A63009106FA /* Project13_Instafilter */,
				F9C0D45F283E10500007C890 /* Project14_BucketList */,
				F97ED39827F2D2490033C15C /* Assets.xcassets */,
				F97ED39A27F2D2490033C15C /* Preview Content */,
			);
			path = HundredDaysOfSwiftUI;
			sourceTree = "<group>";
		};
		F97ED39A27F2D2490033C15C /* Preview Content */ = {
			isa = PBXGroup;
			children = (
				F97ED39B27F2D2490033C15C /* Preview Assets.xcassets */,
			);
			path = "Preview Content";
			sourceTree = "<group>";
		};
		F97ED3A427F2D2490033C15C /* HundredDaysOfSwiftUITests */ = {
			isa = PBXGroup;
			children = (
				F97ED3A527F2D2490033C15C /* HundredDaysOfSwiftUITests.swift */,
			);
			path = HundredDaysOfSwiftUITests;
			sourceTree = "<group>";
		};
		F97ED3AE27F2D2490033C15C /* HundredDaysOfSwiftUIUITests */ = {
			isa = PBXGroup;
			children = (
				F97ED3AF27F2D2490033C15C /* HundredDaysOfSwiftUIUITests.swift */,
				F97ED3B127F2D2490033C15C /* HundredDaysOfSwiftUIUITestsLaunchTests.swift */,
			);
			path = HundredDaysOfSwiftUIUITests;
			sourceTree = "<group>";
		};
		F99F3D5F283B5A63009106FA /* Project13_Instafilter */ = {
			isa = PBXGroup;
			children = (
				F99F3D60283B5A7C009106FA /* InstafilterContentView.swift */,
				F99F3D68283B6DB9009106FA /* ImagePicker.swift */,
				F99F3D6A283B7CEE009106FA /* ImageSaver.swift */,
				F99F3D6E283CAC00009106FA /* Demo */,
			);
			path = Project13_Instafilter;
			sourceTree = "<group>";
		};
		F99F3D6E283CAC00009106FA /* Demo */ = {
			isa = PBXGroup;
			children = (
				F99F3D62283B61FC009106FA /* OnChangedDemo.swift */,
				F99F3D64283B668F009106FA /* ConfirmationDialogDemo.swift */,
				F99F3D66283B6BE0009106FA /* CoreImageDemo.swift */,
				F99F3D6C283B81EF009106FA /* IntergrateUIKitDemo.swift */,
			);
			path = Demo;
			sourceTree = "<group>";
		};
		F99FC3F728054C430054CAF7 /* Project1_WeSplit */ = {
			isa = PBXGroup;
			children = (
				F97ED39627F2D2470033C15C /* ContentView.swift */,
			);
			path = Project1_WeSplit;
			sourceTree = "<group>";
		};
		F99FC3F828054E330054CAF7 /* Challenge1 */ = {
			isa = PBXGroup;
			children = (
				F99FC3F928054E6A0054CAF7 /* ChallengeOneContentView.swift */,
			);
			path = Challenge1;
			sourceTree = "<group>";
		};
		F99FC3FB280673CD0054CAF7 /* Project2_GuessTheFlag */ = {
			isa = PBXGroup;
			children = (
				F99FC3FC2806740F0054CAF7 /* GuessTheFlagContentView.swift */,
			);
			path = Project2_GuessTheFlag;
			sourceTree = "<group>";
		};
		F99FC3FE2807FE8E0054CAF7 /* Project3_ViewsAndModifiers */ = {
			isa = PBXGroup;
			children = (
				F99FC3FF2807FEB70054CAF7 /* ViewsAndModifiersContentView.swift */,
			);
			path = Project3_ViewsAndModifiers;
			sourceTree = "<group>";
		};
		F99FC401280D0BC30054CAF7 /* Chanllenge2 */ = {
			isa = PBXGroup;
			children = (
				F99FC402280D0BE00054CAF7 /* RPSContentView.swift */,
			);
			path = Chanllenge2;
			sourceTree = "<group>";
		};
		F9A57619280E5DB600866612 /* Project4_ BetterRest */ = {
			isa = PBXGroup;
			children = (
				F9A5761A280E5E2500866612 /* BetterRestContentView.swift */,
				F9A5761E280E8CD800866612 /* SleepCalculator.mlmodel */,
			);
			path = "Project4_ BetterRest";
			sourceTree = "<group>";
		};
		F9A57620280FA95300866612 /* Project5_WordScramble */ = {
			isa = PBXGroup;
			children = (
				F9A57621280FA97000866612 /* WordScrambleContentView.swift */,
				F9A57623280FD9B100866612 /* start.txt */,
			);
			name = Project5_WordScramble;
			sourceTree = "<group>";
		};
		F9A576252810F96600866612 /* Project6_Animations */ = {
			isa = PBXGroup;
			children = (
				F9A576262810F9AF00866612 /* AnimationsContentView.swift */,
				F9A576282811039200866612 /* OverlayButton.swift */,
				F9A5762A281105E000866612 /* StepperAnimation.swift */,
				F9A5762C281134E800866612 /* WordDragging.swift */,
			);
			path = Project6_Animations;
			sourceTree = "<group>";
		};
		F9A5762E281252F600866612 /* Challenge3 */ = {
			isa = PBXGroup;
			children = (
				F9A5762F2812531000866612 /* EdutainmentContentView.swift */,
			);
			path = Challenge3;
			sourceTree = "<group>";
		};
		F9BAA3E82828BBB1008F21E6 /* Project10_CupcakeCorner */ = {
			isa = PBXGroup;
			children = (
				F9BAA3FD282A35ED008F21E6 /* Model */,
				F9BAA3FE282A35F5008F21E6 /* View */,
			);
			path = Project10_CupcakeCorner;
			sourceTree = "<group>";
		};
		F9BAA3FD282A35ED008F21E6 /* Model */ = {
			isa = PBXGroup;
			children = (
				F9BAA3F7282A2D61008F21E6 /* Order.swift */,
				F9C01741282B9641009E4078 /* Cupcake.swift */,
			);
			path = Model;
			sourceTree = "<group>";
		};
		F9BAA3FE282A35F5008F21E6 /* View */ = {
			isa = PBXGroup;
			children = (
				F9BAA3E92828BCC1008F21E6 /* CupcakeCornerContentView.swift */,
				F9BAA3F9282A2FEF008F21E6 /* AddressView.swift */,
				F9BAA3FB282A30A8008F21E6 /* CheckoutView.swift */,
				F9BAA3FF282A35FF008F21E6 /* Demo */,
			);
			path = View;
			sourceTree = "<group>";
		};
		F9BAA3FF282A35FF008F21E6 /* Demo */ = {
			isa = PBXGroup;
			children = (
				F9BAA3EF2828F252008F21E6 /* CodableClassExample.swift */,
				F9BAA3EB2828F1E4008F21E6 /* URLSessionDemo.swift */,
				F9BAA3F32828F99E008F21E6 /* AsyncImageDemo.swift */,
				F9BAA3F5282A2C56008F21E6 /* DisabledDemo.swift */,
			);
			path = Demo;
			sourceTree = "<group>";
		};
		F9C01743282CAFD6009E4078 /* Project11_Bookworm */ = {
			isa = PBXGroup;
			children = (
				F9C01759282E3803009E4078 /* View */,
				F9C01758282E37FC009E4078 /* DataModel */,
				F9C01757282E37F5009E4078 /* Demo */,
			);
			path = Project11_Bookworm;
			sourceTree = "<group>";
		};
		F9C01757282E37F5009E4078 /* Demo */ = {
			isa = PBXGroup;
			children = (
				F9C01746282CB240009E4078 /* BindingBtnDemo.swift */,
				F9C0174D282CD5B7009E4078 /* StudentEntityDemo.swift */,
			);
			path = Demo;
			sourceTree = "<group>";
		};
		F9C01758282E37FC009E4078 /* DataModel */ = {
			isa = PBXGroup;
			children = (
				F9C01748282CB52A009E4078 /* Bookworm.xcdatamodeld */,
				F9C0174B282CB598009E4078 /* DataController.swift */,
			);
			path = DataModel;
			sourceTree = "<group>";
		};
		F9C01759282E3803009E4078 /* View */ = {
			isa = PBXGroup;
			children = (
				F9C01744282CAFF2009E4078 /* BookwormContentView.swift */,
				F9C0174F282CDC6F009E4078 /* AddBookView.swift */,
				F9C01755282E30CB009E4078 /* BookDetailView.swift */,
				F9C01751282CDFED009E4078 /* RatingView.swift */,
				F9C01753282D0780009E4078 /* EmojiRatingView.swift */,
			);
			path = View;
			sourceTree = "<group>";
		};
		F9C0175A2832364E009E4078 /* Project12_CoreData */ = {
			isa = PBXGroup;
			children = (
				F9C0175B28323660009E4078 /* CoreDataContentView.swift */,
				F9F8AB862834CC2C00177C5C /* DynamicallyFiltering */,
				F9C01762283237E2009E4078 /* DataModel */,
				F9F8AB872834CC4000177C5C /* Demo */,
			);
			path = Project12_CoreData;
			sourceTree = "<group>";
		};
		F9C01762283237E2009E4078 /* DataModel */ = {
			isa = PBXGroup;
			children = (
				F9F8AB7C2833881D00177C5C /* Country+CoreDataClass.swift */,
				F9F8AB7D2833881D00177C5C /* Country+CoreDataProperties.swift */,
				F9F8AB7E2833881D00177C5C /* Candy+CoreDataClass.swift */,
				F9F8AB7F2833881D00177C5C /* Candy+CoreDataProperties.swift */,
				F9F8AB742833785900177C5C /* Singer+CoreDataClass.swift */,
				F9F8AB752833785900177C5C /* Singer+CoreDataProperties.swift */,
				F9C0176528323B58009E4078 /* Movie+CoreDataClass.swift */,
				F9C0176628323B58009E4078 /* Movie+CoreDataProperties.swift */,
				F9C0175D28323680009E4078 /* CoreDataProject.xcdatamodeld */,
				F9C0176028323773009E4078 /* Project12DataController.swift */,
			);
			path = DataModel;
			sourceTree = "<group>";
		};
		F9C0D45F283E10500007C890 /* Project14_BucketList */ = {
			isa = PBXGroup;
			children = (
				F9C0D460283E10710007C890 /* BucketListContentView.swift */,
				F9B8274D28407204005CD32A /* MapEditView.swift */,
				F903B37F2845B921008578C1 /* BucketList-ViewModel.swift */,
				F903B3812845BC63008578C1 /* FileManager-DocumentDirectory.swift */,
				F903B36828446134008578C1 /* Result.swift */,
				F9B8274928406BC9005CD32A /* Location.swift */,
				F9B8274728406A50005CD32A /* BiometricsLoginDemo.swift */,
				F9C17083283F52F9000EB0B9 /* MapKitDemo.swift */,
				F9C0D462283E19D10007C890 /* ComparableDemo.swift */,
				F9C0D464283E1DF00007C890 /* WriteDataToDocumentsDemo.swift */,
				F9C17081283F4F5E000EB0B9 /* StateWithEnumDemo.swift */,
			);
			path = Project14_BucketList;
			sourceTree = "<group>";
		};
		F9EF99DD28362D98005DBC91 /* View */ = {
			isa = PBXGroup;
			children = (
				F9F8AB8E28360DC300177C5C /* FriendFaceContentView.swift */,
				F9F8AB902836164500177C5C /* UserDetailView.swift */,
			);
			path = View;
			sourceTree = "<group>";
		};
		F9F6F357281912AD003FD5E7 /* View */ = {
			isa = PBXGroup;
			children = (
				F927B7512817987900637927 /* iExpenseContentView.swift */,
				F927B75F2817D68900637927 /* AddView.swift */,
				F927B7572817C5C500637927 /* DismissView.swift */,
				F927B7532817C09F00637927 /* DeleteView.swift */,
				F927B7552817C59D00637927 /* AppStorageView.swift */,
				F927B7592817D11300637927 /* CodableView.swift */,
			);
			path = View;
			sourceTree = "<group>";
		};
		F9F6F358281912B4003FD5E7 /* Model */ = {
			isa = PBXGroup;
			children = (
				F927B75B2817D18F00637927 /* ExpenseItem.swift */,
				F927B75D2817D1CE00637927 /* Expenses.swift */,
			);
			path = Model;
			sourceTree = "<group>";
		};
		F9F6F35928192179003FD5E7 /* Project8_MoonShot */ = {
			isa = PBXGroup;
			children = (
				F9F6F368281A3B0B003FD5E7 /* JSON */,
				F9F6F36B281A3BA4003FD5E7 /* Model */,
				F9F6F37D281A8C68003FD5E7 /* Extension */,
				F9F6F37C281A8C5E003FD5E7 /* View */,
			);
			path = Project8_MoonShot;
			sourceTree = "<group>";
		};
		F9F6F368281A3B0B003FD5E7 /* JSON */ = {
			isa = PBXGroup;
			children = (
				F9F6F364281A3B08003FD5E7 /* astronauts.json */,
				F9F6F365281A3B08003FD5E7 /* missions.json */,
			);
			path = JSON;
			sourceTree = "<group>";
		};
		F9F6F36B281A3BA4003FD5E7 /* Model */ = {
			isa = PBXGroup;
			children = (
				F9F6F369281A3B99003FD5E7 /* Astronaut.swift */,
				F9F6F36C281A3BE9003FD5E7 /* Bundle-Decodable.swift */,
				F9F6F36E281A3E57003FD5E7 /* Mission.swift */,
				F9F6F378281A794C003FD5E7 /* CrewMember.swift */,
			);
			path = Model;
			sourceTree = "<group>";
		};
		F9F6F37C281A8C5E003FD5E7 /* View */ = {
			isa = PBXGroup;
			children = (
				F9F6F35A281921B1003FD5E7 /* MoonshotContentView.swift */,
				F9F6F37A281A828C003FD5E7 /* MissionListView.swift */,
				F9F6F376281A784C003FD5E7 /* MissionGridView.swift */,
				F9F6F372281A641E003FD5E7 /* MissionView.swift */,
				F9F6F374281A6B54003FD5E7 /* AstronautView.swift */,
				F9F6F35C28192A46003FD5E7 /* LazyScrollView.swift */,
				F9F6F35E28192CD9003FD5E7 /* NavigationLinkDemoView.swift */,
				F9F6F36028192F9F003FD5E7 /* DecodableButton.swift */,
				F9F6F36228192FCC003FD5E7 /* ScrollingGridView.swift */,
			);
			path = View;
			sourceTree = "<group>";
		};
		F9F6F37D281A8C68003FD5E7 /* Extension */ = {
			isa = PBXGroup;
			children = (
				F9F6F370281A4497003FD5E7 /* Color-Theme.swift */,
			);
			path = Extension;
			sourceTree = "<group>";
		};
		F9F8AB862834CC2C00177C5C /* DynamicallyFiltering */ = {
			isa = PBXGroup;
			children = (
				F9F8AB782833794000177C5C /* FilteredList.swift */,
				F9F8AB842834C00E00177C5C /* PredicateWay.swift */,
				F9F8AB7A283386A500177C5C /* DynamicallyFilteringDemo.swift */,
			);
			path = DynamicallyFiltering;
			sourceTree = "<group>";
		};
		F9F8AB872834CC4000177C5C /* Demo */ = {
			isa = PBXGroup;
			children = (
				F9C0176328323A6B009E4078 /* HashableDemo.swift */,
				F9F8AB702833738A00177C5C /* MergePolicyDemo.swift */,
				F9F8AB722833773700177C5C /* NSPredicateDemo.swift */,
				F9C0176928323D84009E4078 /* MocConditionalSaveDemo.swift */,
			);
			path = Demo;
			sourceTree = "<group>";
		};
		F9F8AB882835F4F700177C5C /* Challenge5 */ = {
			isa = PBXGroup;
			children = (
				F9F8AB892835F58100177C5C /* Model */,
				F9EF99DD28362D98005DBC91 /* View */,
			);
			path = Challenge5;
			sourceTree = "<group>";
		};
		F9F8AB892835F58100177C5C /* Model */ = {
			isa = PBXGroup;
			children = (
				F9F8AB8A2835F5CF00177C5C /* User.swift */,
				F9F8AB8C28360D4200177C5C /* Friend.swift */,
				F9EF99DE283768E5005DBC91 /* FriendFace.xcdatamodeld */,
				F9EF99F328378688005DBC91 /* CachedFriend+CoreDataClass.swift */,
				F9EF99F428378688005DBC91 /* CachedFriend+CoreDataProperties.swift */,
				F9EF99F528378688005DBC91 /* CachedUser+CoreDataClass.swift */,
				F9EF99F628378688005DBC91 /* CachedUser+CoreDataProperties.swift */,
				F9EF99E928376FD1005DBC91 /* FriendFaceDataController.swift */,
			);
			path = Model;
			sourceTree = "<group>";
		};
/* End PBXGroup section */

/* Begin PBXNativeTarget section */
		F97ED39027F2D2470033C15C /* HundredDaysOfSwiftUI */ = {
			isa = PBXNativeTarget;
			buildConfigurationList = F97ED3B527F2D2490033C15C /* Build configuration list for PBXNativeTarget "HundredDaysOfSwiftUI" */;
			buildPhases = (
				F97ED38D27F2D2470033C15C /* Sources */,
				F97ED38E27F2D2470033C15C /* Frameworks */,
				F97ED38F27F2D2470033C15C /* Resources */,
			);
			buildRules = (
			);
			dependencies = (
			);
			name = HundredDaysOfSwiftUI;
			productName = HundredDaysOfSwiftUI;
			productReference = F97ED39127F2D2470033C15C /* HundredDaysOfSwiftUI.app */;
			productType = "com.apple.product-type.application";
		};
		F97ED3A027F2D2490033C15C /* HundredDaysOfSwiftUITests */ = {
			isa = PBXNativeTarget;
			buildConfigurationList = F97ED3B827F2D2490033C15C /* Build configuration list for PBXNativeTarget "HundredDaysOfSwiftUITests" */;
			buildPhases = (
				F97ED39D27F2D2490033C15C /* Sources */,
				F97ED39E27F2D2490033C15C /* Frameworks */,
				F97ED39F27F2D2490033C15C /* Resources */,
			);
			buildRules = (
			);
			dependencies = (
				F97ED3A327F2D2490033C15C /* PBXTargetDependency */,
			);
			name = HundredDaysOfSwiftUITests;
			productName = HundredDaysOfSwiftUITests;
			productReference = F97ED3A127F2D2490033C15C /* HundredDaysOfSwiftUITests.xctest */;
			productType = "com.apple.product-type.bundle.unit-test";
		};
		F97ED3AA27F2D2490033C15C /* HundredDaysOfSwiftUIUITests */ = {
			isa = PBXNativeTarget;
			buildConfigurationList = F97ED3BB27F2D2490033C15C /* Build configuration list for PBXNativeTarget "HundredDaysOfSwiftUIUITests" */;
			buildPhases = (
				F97ED3A727F2D2490033C15C /* Sources */,
				F97ED3A827F2D2490033C15C /* Frameworks */,
				F97ED3A927F2D2490033C15C /* Resources */,
			);
			buildRules = (
			);
			dependencies = (
				F97ED3AD27F2D2490033C15C /* PBXTargetDependency */,
			);
			name = HundredDaysOfSwiftUIUITests;
			productName = HundredDaysOfSwiftUIUITests;
			productReference = F97ED3AB27F2D2490033C15C /* HundredDaysOfSwiftUIUITests.xctest */;
			productType = "com.apple.product-type.bundle.ui-testing";
		};
/* End PBXNativeTarget section */

/* Begin PBXProject section */
		F97ED38927F2D2470033C15C /* Project object */ = {
			isa = PBXProject;
			attributes = {
				BuildIndependentTargetsInParallel = 1;
				LastSwiftUpdateCheck = 1330;
				LastUpgradeCheck = 1330;
				TargetAttributes = {
					F97ED39027F2D2470033C15C = {
						CreatedOnToolsVersion = 13.3;
					};
					F97ED3A027F2D2490033C15C = {
						CreatedOnToolsVersion = 13.3;
						TestTargetID = F97ED39027F2D2470033C15C;
					};
					F97ED3AA27F2D2490033C15C = {
						CreatedOnToolsVersion = 13.3;
						TestTargetID = F97ED39027F2D2470033C15C;
					};
				};
			};
			buildConfigurationList = F97ED38C27F2D2470033C15C /* Build configuration list for PBXProject "HundredDaysOfSwiftUI" */;
			compatibilityVersion = "Xcode 13.0";
			developmentRegion = en;
			hasScannedForEncodings = 0;
			knownRegions = (
				en,
				Base,
			);
			mainGroup = F97ED38827F2D2470033C15C;
			productRefGroup = F97ED39227F2D2470033C15C /* Products */;
			projectDirPath = "";
			projectRoot = "";
			targets = (
				F97ED39027F2D2470033C15C /* HundredDaysOfSwiftUI */,
				F97ED3A027F2D2490033C15C /* HundredDaysOfSwiftUITests */,
				F97ED3AA27F2D2490033C15C /* HundredDaysOfSwiftUIUITests */,
			);
		};
/* End PBXProject section */

/* Begin PBXResourcesBuildPhase section */
		F97ED38F27F2D2470033C15C /* Resources */ = {
			isa = PBXResourcesBuildPhase;
			buildActionMask = 2147483647;
			files = (
				F97ED39C27F2D2490033C15C /* Preview Assets.xcassets in Resources */,
				F9F6F367281A3B08003FD5E7 /* missions.json in Resources */,
				F9A57624280FD9B200866612 /* start.txt in Resources */,
				F97ED39927F2D2490033C15C /* Assets.xcassets in Resources */,
				F9F6F366281A3B08003FD5E7 /* astronauts.json in Resources */,
			);
			runOnlyForDeploymentPostprocessing = 0;
		};
		F97ED39F27F2D2490033C15C /* Resources */ = {
			isa = PBXResourcesBuildPhase;
			buildActionMask = 2147483647;
			files = (
			);
			runOnlyForDeploymentPostprocessing = 0;
		};
		F97ED3A927F2D2490033C15C /* Resources */ = {
			isa = PBXResourcesBuildPhase;
			buildActionMask = 2147483647;
			files = (
			);
			runOnlyForDeploymentPostprocessing = 0;
		};
/* End PBXResourcesBuildPhase section */

/* Begin PBXSourcesBuildPhase section */
		F97ED38D27F2D2470033C15C /* Sources */ = {
			isa = PBXSourcesBuildPhase;
			buildActionMask = 2147483647;
			files = (
				F90EFCB728236D3C00DC38AE /* AddActivityView.swift in Sources */,
				F9C0175C28323660009E4078 /* CoreDataContentView.swift in Sources */,
				F9F6F36D281A3BE9003FD5E7 /* Bundle-Decodable.swift in Sources */,
				F99F3D6D283B81EF009106FA /* IntergrateUIKitDemo.swift in Sources */,
				F9BAA3FC282A30A8008F21E6 /* CheckoutView.swift in Sources */,
				F9F8AB8F28360DC300177C5C /* FriendFaceContentView.swift in Sources */,
				F9C01747282CB240009E4078 /* BindingBtnDemo.swift in Sources */,
				F90EFC9B282100D300DC38AE /* FlowerDemo.swift in Sources */,
				F9A5761B280E5E2600866612 /* BetterRestContentView.swift in Sources */,
				F9A5761F280E8CD800866612 /* SleepCalculator.mlmodel in Sources */,
				F9A5762D281134E800866612 /* WordDragging.swift in Sources */,
				F9F6F379281A794C003FD5E7 /* CrewMember.swift in Sources */,
				F9F8AB7B283386A500177C5C /* DynamicallyFilteringDemo.swift in Sources */,
				F9C0176428323A6B009E4078 /* HashableDemo.swift in Sources */,
				F903B3822845BC63008578C1 /* FileManager-DocumentDirectory.swift in Sources */,
				F9B8274828406A50005CD32A /* BiometricsLoginDemo.swift in Sources */,
				F90EFCA728211B0900DC38AE /* SpirographDemo.swift in Sources */,
				F9F6F36A281A3B99003FD5E7 /* Astronaut.swift in Sources */,
				F9C0176728323B58009E4078 /* Movie+CoreDataClass.swift in Sources */,
				F9C01752282CDFED009E4078 /* RatingView.swift in Sources */,
				F9C0D461283E10710007C890 /* BucketListContentView.swift in Sources */,
				F9B8274E28407204005CD32A /* MapEditView.swift in Sources */,
				F9BAA3F6282A2C56008F21E6 /* DisabledDemo.swift in Sources */,
				F9F6F35B281921B1003FD5E7 /* MoonshotContentView.swift in Sources */,
				F9F8AB762833785900177C5C /* Singer+CoreDataClass.swift in Sources */,
				F90EFCA928224B7200DC38AE /* Challenge_AnimatableArrow.swift in Sources */,
				F90EFCB02823698600DC38AE /* HabitTrackingContentView.swift in Sources */,
				F9A576302812531000866612 /* EdutainmentContentView.swift in Sources */,
				F99F3D6B283B7CEE009106FA /* ImageSaver.swift in Sources */,
				F9EF99F728378688005DBC91 /* CachedFriend+CoreDataClass.swift in Sources */,
				F99FC3FD2806740F0054CAF7 /* GuessTheFlagContentView.swift in Sources */,
				F927B7582817C5C500637927 /* DismissView.swift in Sources */,
				F9BAA3F02828F252008F21E6 /* CodableClassExample.swift in Sources */,
				F9F6F373281A641E003FD5E7 /* MissionView.swift in Sources */,
				F927B7602817D68900637927 /* AddView.swift in Sources */,
				F927B75E2817D1CE00637927 /* Expenses.swift in Sources */,
				F9B8274A28406BC9005CD32A /* Location.swift in Sources */,
				F927B75A2817D11400637927 /* CodableView.swift in Sources */,
				F9F8AB772833785900177C5C /* Singer+CoreDataProperties.swift in Sources */,
				F927B75C2817D18F00637927 /* ExpenseItem.swift in Sources */,
				F9F8AB732833773700177C5C /* NSPredicateDemo.swift in Sources */,
				F927B7562817C59D00637927 /* AppStorageView.swift in Sources */,
				F9C01745282CAFF2009E4078 /* BookwormContentView.swift in Sources */,
				F97ED39727F2D2470033C15C /* ContentView.swift in Sources */,
				F9F6F37B281A828C003FD5E7 /* MissionListView.swift in Sources */,
				F9F6F36328192FCC003FD5E7 /* ScrollingGridView.swift in Sources */,
				F99FC4002807FEB80054CAF7 /* ViewsAndModifiersContentView.swift in Sources */,
				F99F3D65283B668F009106FA /* ConfirmationDialogDemo.swift in Sources */,
				F99FC3FA28054E6A0054CAF7 /* ChallengeOneContentView.swift in Sources */,
				F9BAA3F8282A2D61008F21E6 /* Order.swift in Sources */,
				F9F6F36F281A3E57003FD5E7 /* Mission.swift in Sources */,
				F9EF99F828378688005DBC91 /* CachedFriend+CoreDataProperties.swift in Sources */,
				F9BAA3FA282A2FEF008F21E6 /* AddressView.swift in Sources */,
				F99FC403280D0BE00054CAF7 /* RPSContentView.swift in Sources */,
				F927B7542817C0A000637927 /* DeleteView.swift in Sources */,
				F9C0175F28323680009E4078 /* CoreDataProject.xcdatamodeld in Sources */,
				F9F8AB712833738A00177C5C /* MergePolicyDemo.swift in Sources */,
				F90EFCAB28224C2600DC38AE /* Challenge_ColorCyclingRectangle.swift in Sources */,
				F9F8AB792833794000177C5C /* FilteredList.swift in Sources */,
				F90EFCB92823ACBB00DC38AE /* DetailActivityView.swift in Sources */,
				F9C0176A28323D84009E4078 /* MocConditionalSaveDemo.swift in Sources */,
				F99F3D69283B6DB9009106FA /* ImagePicker.swift in Sources */,
				F9C0D463283E19D10007C890 /* ComparableDemo.swift in Sources */,
				F9C01750282CDC6F009E4078 /* AddBookView.swift in Sources */,
				F90EFC972820D4B300DC38AE /* DrawingContentView.swift in Sources */,
				F90EFCA32821141A00DC38AE /* AnimatableDataDemo.swift in Sources */,
				F9F6F35D28192A46003FD5E7 /* LazyScrollView.swift in Sources */,
				F90EFC9D282103FD00DC38AE /* ImagePaintDemo.swift in Sources */,
				F9A5762B281105E000866612 /* StepperAnimation.swift in Sources */,
				F9C0174E282CD5B7009E4078 /* StudentEntityDemo.swift in Sources */,
				F9F6F36128192F9F003FD5E7 /* DecodableButton.swift in Sources */,
				F9A57622280FA97100866612 /* WordScrambleContentView.swift in Sources */,
				F9EF99FA28378688005DBC91 /* CachedUser+CoreDataProperties.swift in Sources */,
				F9C0176128323773009E4078 /* Project12DataController.swift in Sources */,
				F9F8AB812833881D00177C5C /* Country+CoreDataProperties.swift in Sources */,
				F927B7522817987A00637927 /* iExpenseContentView.swift in Sources */,
				F9C0D465283E1DF00007C890 /* WriteDataToDocumentsDemo.swift in Sources */,
				F9F6F371281A4497003FD5E7 /* Color-Theme.swift in Sources */,
				F9C17084283F52F9000EB0B9 /* MapKitDemo.swift in Sources */,
				F903B36928446134008578C1 /* Result.swift in Sources */,
				F9EF99F928378688005DBC91 /* CachedUser+CoreDataClass.swift in Sources */,
				F9EF99EA28376FD1005DBC91 /* FriendFaceDataController.swift in Sources */,
				F9F8AB8B2835F5CF00177C5C /* User.swift in Sources */,
				F90EFCA5282116CB00DC38AE /* AnimatablePairDemo.swift in Sources */,
				F9C0176828323B58009E4078 /* Movie+CoreDataProperties.swift in Sources */,
				F90EFCA128210FEC00DC38AE /* BlendModeDemo.swift in Sources */,
				F9F8AB912836164500177C5C /* UserDetailView.swift in Sources */,
				F9F6F375281A6B54003FD5E7 /* AstronautView.swift in Sources */,
				F9C0174C282CB598009E4078 /* DataController.swift in Sources */,
				F97ED39527F2D2470033C15C /* HundredDaysOfSwiftUIApp.swift in Sources */,
				F9F8AB832833881D00177C5C /* Candy+CoreDataProperties.swift in Sources */,
				F903B3802845B921008578C1 /* BucketList-ViewModel.swift in Sources */,
				F99F3D63283B61FC009106FA /* OnChangedDemo.swift in Sources */,
				F9BAA3F42828F99E008F21E6 /* AsyncImageDemo.swift in Sources */,
				F9A576272810F9B000866612 /* AnimationsContentView.swift in Sources */,
				F9F8AB822833881D00177C5C /* Candy+CoreDataClass.swift in Sources */,
				F9BAA3EC2828F1E4008F21E6 /* URLSessionDemo.swift in Sources */,
				F9A576292811039200866612 /* OverlayButton.swift in Sources */,
				F9C17082283F4F5E000EB0B9 /* StateWithEnumDemo.swift in Sources */,
				F90EFCB228236A2B00DC38AE /* Activity.swift in Sources */,
				F9F6F35F28192CD9003FD5E7 /* NavigationLinkDemoView.swift in Sources */,
				F9F8AB802833881D00177C5C /* Country+CoreDataClass.swift in Sources */,
				F9C01754282D0780009E4078 /* EmojiRatingView.swift in Sources */,
				F9C01756282E30CB009E4078 /* BookDetailView.swift in Sources */,
				F9C01742282B9641009E4078 /* Cupcake.swift in Sources */,
				F9BAA3EA2828BCC1008F21E6 /* CupcakeCornerContentView.swift in Sources */,
				F90EFC9F2821069B00DC38AE /* ColorCyclingCircle.swift in Sources */,
				F9F6F377281A784C003FD5E7 /* MissionGridView.swift in Sources */,
				F9EF99E0283768E5005DBC91 /* FriendFace.xcdatamodeld in Sources */,
				F99F3D61283B5A7C009106FA /* InstafilterContentView.swift in Sources */,
				F9C0174A282CB52A009E4078 /* Bookworm.xcdatamodeld in Sources */,
				F90EFCB428236A6700DC38AE /* Activities.swift in Sources */,
				F9F8AB8D28360D4200177C5C /* Friend.swift in Sources */,
				F99F3D67283B6BE0009106FA /* CoreImageDemo.swift in Sources */,
				F90EFC992820FB5E00DC38AE /* PathExample.swift in Sources */,
				F9F8AB852834C00F00177C5C /* PredicateWay.swift in Sources */,
			);
			runOnlyForDeploymentPostprocessing = 0;
		};
		F97ED39D27F2D2490033C15C /* Sources */ = {
			isa = PBXSourcesBuildPhase;
			buildActionMask = 2147483647;
			files = (
				F97ED3A627F2D2490033C15C /* HundredDaysOfSwiftUITests.swift in Sources */,
			);
			runOnlyForDeploymentPostprocessing = 0;
		};
		F97ED3A727F2D2490033C15C /* Sources */ = {
			isa = PBXSourcesBuildPhase;
			buildActionMask = 2147483647;
			files = (
				F97ED3B027F2D2490033C15C /* HundredDaysOfSwiftUIUITests.swift in Sources */,
				F97ED3B227F2D2490033C15C /* HundredDaysOfSwiftUIUITestsLaunchTests.swift in Sources */,
			);
			runOnlyForDeploymentPostprocessing = 0;
		};
/* End PBXSourcesBuildPhase section */

/* Begin PBXTargetDependency section */
		F97ED3A327F2D2490033C15C /* PBXTargetDependency */ = {
			isa = PBXTargetDependency;
			target = F97ED39027F2D2470033C15C /* HundredDaysOfSwiftUI */;
			targetProxy = F97ED3A227F2D2490033C15C /* PBXContainerItemProxy */;
		};
		F97ED3AD27F2D2490033C15C /* PBXTargetDependency */ = {
			isa = PBXTargetDependency;
			target = F97ED39027F2D2470033C15C /* HundredDaysOfSwiftUI */;
			targetProxy = F97ED3AC27F2D2490033C15C /* PBXContainerItemProxy */;
		};
/* End PBXTargetDependency section */

/* Begin XCBuildConfiguration section */
		F97ED3B327F2D2490033C15C /* Debug */ = {
			isa = XCBuildConfiguration;
			buildSettings = {
				ALWAYS_SEARCH_USER_PATHS = NO;
				CLANG_ANALYZER_NONNULL = YES;
				CLANG_ANALYZER_NUMBER_OBJECT_CONVERSION = YES_AGGRESSIVE;
				CLANG_CXX_LANGUAGE_STANDARD = "gnu++17";
				CLANG_ENABLE_MODULES = YES;
				CLANG_ENABLE_OBJC_ARC = YES;
				CLANG_ENABLE_OBJC_WEAK = YES;
				CLANG_WARN_BLOCK_CAPTURE_AUTORELEASING = YES;
				CLANG_WARN_BOOL_CONVERSION = YES;
				CLANG_WARN_COMMA = YES;
				CLANG_WARN_CONSTANT_CONVERSION = YES;
				CLANG_WARN_DEPRECATED_OBJC_IMPLEMENTATIONS = YES;
				CLANG_WARN_DIRECT_OBJC_ISA_USAGE = YES_ERROR;
				CLANG_WARN_DOCUMENTATION_COMMENTS = YES;
				CLANG_WARN_EMPTY_BODY = YES;
				CLANG_WARN_ENUM_CONVERSION = YES;
				CLANG_WARN_INFINITE_RECURSION = YES;
				CLANG_WARN_INT_CONVERSION = YES;
				CLANG_WARN_NON_LITERAL_NULL_CONVERSION = YES;
				CLANG_WARN_OBJC_IMPLICIT_RETAIN_SELF = YES;
				CLANG_WARN_OBJC_LITERAL_CONVERSION = YES;
				CLANG_WARN_OBJC_ROOT_CLASS = YES_ERROR;
				CLANG_WARN_QUOTED_INCLUDE_IN_FRAMEWORK_HEADER = YES;
				CLANG_WARN_RANGE_LOOP_ANALYSIS = YES;
				CLANG_WARN_STRICT_PROTOTYPES = YES;
				CLANG_WARN_SUSPICIOUS_MOVE = YES;
				CLANG_WARN_UNGUARDED_AVAILABILITY = YES_AGGRESSIVE;
				CLANG_WARN_UNREACHABLE_CODE = YES;
				CLANG_WARN__DUPLICATE_METHOD_MATCH = YES;
				COPY_PHASE_STRIP = NO;
				DEBUG_INFORMATION_FORMAT = dwarf;
				ENABLE_STRICT_OBJC_MSGSEND = YES;
				ENABLE_TESTABILITY = YES;
				GCC_C_LANGUAGE_STANDARD = gnu11;
				GCC_DYNAMIC_NO_PIC = NO;
				GCC_NO_COMMON_BLOCKS = YES;
				GCC_OPTIMIZATION_LEVEL = 0;
				GCC_PREPROCESSOR_DEFINITIONS = (
					"DEBUG=1",
					"$(inherited)",
				);
				GCC_WARN_64_TO_32_BIT_CONVERSION = YES;
				GCC_WARN_ABOUT_RETURN_TYPE = YES_ERROR;
				GCC_WARN_UNDECLARED_SELECTOR = YES;
				GCC_WARN_UNINITIALIZED_AUTOS = YES_AGGRESSIVE;
				GCC_WARN_UNUSED_FUNCTION = YES;
				GCC_WARN_UNUSED_VARIABLE = YES;
				IPHONEOS_DEPLOYMENT_TARGET = 15.4;
				MTL_ENABLE_DEBUG_INFO = INCLUDE_SOURCE;
				MTL_FAST_MATH = YES;
				ONLY_ACTIVE_ARCH = YES;
				SDKROOT = iphoneos;
				SWIFT_ACTIVE_COMPILATION_CONDITIONS = DEBUG;
				SWIFT_OPTIMIZATION_LEVEL = "-Onone";
			};
			name = Debug;
		};
		F97ED3B427F2D2490033C15C /* Release */ = {
			isa = XCBuildConfiguration;
			buildSettings = {
				ALWAYS_SEARCH_USER_PATHS = NO;
				CLANG_ANALYZER_NONNULL = YES;
				CLANG_ANALYZER_NUMBER_OBJECT_CONVERSION = YES_AGGRESSIVE;
				CLANG_CXX_LANGUAGE_STANDARD = "gnu++17";
				CLANG_ENABLE_MODULES = YES;
				CLANG_ENABLE_OBJC_ARC = YES;
				CLANG_ENABLE_OBJC_WEAK = YES;
				CLANG_WARN_BLOCK_CAPTURE_AUTORELEASING = YES;
				CLANG_WARN_BOOL_CONVERSION = YES;
				CLANG_WARN_COMMA = YES;
				CLANG_WARN_CONSTANT_CONVERSION = YES;
				CLANG_WARN_DEPRECATED_OBJC_IMPLEMENTATIONS = YES;
				CLANG_WARN_DIRECT_OBJC_ISA_USAGE = YES_ERROR;
				CLANG_WARN_DOCUMENTATION_COMMENTS = YES;
				CLANG_WARN_EMPTY_BODY = YES;
				CLANG_WARN_ENUM_CONVERSION = YES;
				CLANG_WARN_INFINITE_RECURSION = YES;
				CLANG_WARN_INT_CONVERSION = YES;
				CLANG_WARN_NON_LITERAL_NULL_CONVERSION = YES;
				CLANG_WARN_OBJC_IMPLICIT_RETAIN_SELF = YES;
				CLANG_WARN_OBJC_LITERAL_CONVERSION = YES;
				CLANG_WARN_OBJC_ROOT_CLASS = YES_ERROR;
				CLANG_WARN_QUOTED_INCLUDE_IN_FRAMEWORK_HEADER = YES;
				CLANG_WARN_RANGE_LOOP_ANALYSIS = YES;
				CLANG_WARN_STRICT_PROTOTYPES = YES;
				CLANG_WARN_SUSPICIOUS_MOVE = YES;
				CLANG_WARN_UNGUARDED_AVAILABILITY = YES_AGGRESSIVE;
				CLANG_WARN_UNREACHABLE_CODE = YES;
				CLANG_WARN__DUPLICATE_METHOD_MATCH = YES;
				COPY_PHASE_STRIP = NO;
				DEBUG_INFORMATION_FORMAT = "dwarf-with-dsym";
				ENABLE_NS_ASSERTIONS = NO;
				ENABLE_STRICT_OBJC_MSGSEND = YES;
				GCC_C_LANGUAGE_STANDARD = gnu11;
				GCC_NO_COMMON_BLOCKS = YES;
				GCC_WARN_64_TO_32_BIT_CONVERSION = YES;
				GCC_WARN_ABOUT_RETURN_TYPE = YES_ERROR;
				GCC_WARN_UNDECLARED_SELECTOR = YES;
				GCC_WARN_UNINITIALIZED_AUTOS = YES_AGGRESSIVE;
				GCC_WARN_UNUSED_FUNCTION = YES;
				GCC_WARN_UNUSED_VARIABLE = YES;
				IPHONEOS_DEPLOYMENT_TARGET = 15.4;
				MTL_ENABLE_DEBUG_INFO = NO;
				MTL_FAST_MATH = YES;
				SDKROOT = iphoneos;
				SWIFT_COMPILATION_MODE = wholemodule;
				SWIFT_OPTIMIZATION_LEVEL = "-O";
				VALIDATE_PRODUCT = YES;
			};
			name = Release;
		};
		F97ED3B627F2D2490033C15C /* Debug */ = {
			isa = XCBuildConfiguration;
			buildSettings = {
				ASSETCATALOG_COMPILER_APPICON_NAME = AppIcon;
				ASSETCATALOG_COMPILER_GLOBAL_ACCENT_COLOR_NAME = AccentColor;
				CODE_SIGN_STYLE = Automatic;
				CURRENT_PROJECT_VERSION = 1;
				DEVELOPMENT_ASSET_PATHS = "\"HundredDaysOfSwiftUI/Preview Content\"";
				DEVELOPMENT_TEAM = 4YL95KDQ6V;
				ENABLE_PREVIEWS = YES;
				GENERATE_INFOPLIST_FILE = YES;
				INFOPLIST_KEY_NSFaceIDUsageDescription = "We need to unlock your data.";
				INFOPLIST_KEY_NSPhotoLibraryAddUsageDescription = "We want to save yout filtered photos";
				INFOPLIST_KEY_UIApplicationSceneManifest_Generation = YES;
				INFOPLIST_KEY_UIApplicationSupportsIndirectInputEvents = YES;
				INFOPLIST_KEY_UILaunchScreen_Generation = YES;
				INFOPLIST_KEY_UISupportedInterfaceOrientations_iPad = "UIInterfaceOrientationPortrait UIInterfaceOrientationPortraitUpsideDown UIInterfaceOrientationLandscapeLeft UIInterfaceOrientationLandscapeRight";
				INFOPLIST_KEY_UISupportedInterfaceOrientations_iPhone = "UIInterfaceOrientationPortrait UIInterfaceOrientationLandscapeLeft UIInterfaceOrientationLandscapeRight";
				IPHONEOS_DEPLOYMENT_TARGET = 15.0;
				LD_RUNPATH_SEARCH_PATHS = (
					"$(inherited)",
					"@executable_path/Frameworks",
				);
				MARKETING_VERSION = 1.0;
				PRODUCT_BUNDLE_IDENTIFIER = com.willchen.HundredDaysOfSwiftUI;
				PRODUCT_NAME = "$(TARGET_NAME)";
				SWIFT_EMIT_LOC_STRINGS = YES;
				SWIFT_VERSION = 5.0;
				TARGETED_DEVICE_FAMILY = "1,2";
			};
			name = Debug;
		};
		F97ED3B727F2D2490033C15C /* Release */ = {
			isa = XCBuildConfiguration;
			buildSettings = {
				ASSETCATALOG_COMPILER_APPICON_NAME = AppIcon;
				ASSETCATALOG_COMPILER_GLOBAL_ACCENT_COLOR_NAME = AccentColor;
				CODE_SIGN_STYLE = Automatic;
				CURRENT_PROJECT_VERSION = 1;
				DEVELOPMENT_ASSET_PATHS = "\"HundredDaysOfSwiftUI/Preview Content\"";
				DEVELOPMENT_TEAM = 4YL95KDQ6V;
				ENABLE_PREVIEWS = YES;
				GENERATE_INFOPLIST_FILE = YES;
				INFOPLIST_KEY_NSFaceIDUsageDescription = "We need to unlock your data.";
				INFOPLIST_KEY_NSPhotoLibraryAddUsageDescription = "We want to save yout filtered photos";
				INFOPLIST_KEY_UIApplicationSceneManifest_Generation = YES;
				INFOPLIST_KEY_UIApplicationSupportsIndirectInputEvents = YES;
				INFOPLIST_KEY_UILaunchScreen_Generation = YES;
				INFOPLIST_KEY_UISupportedInterfaceOrientations_iPad = "UIInterfaceOrientationPortrait UIInterfaceOrientationPortraitUpsideDown UIInterfaceOrientationLandscapeLeft UIInterfaceOrientationLandscapeRight";
				INFOPLIST_KEY_UISupportedInterfaceOrientations_iPhone = "UIInterfaceOrientationPortrait UIInterfaceOrientationLandscapeLeft UIInterfaceOrientationLandscapeRight";
				IPHONEOS_DEPLOYMENT_TARGET = 15.0;
				LD_RUNPATH_SEARCH_PATHS = (
					"$(inherited)",
					"@executable_path/Frameworks",
				);
				MARKETING_VERSION = 1.0;
				PRODUCT_BUNDLE_IDENTIFIER = com.willchen.HundredDaysOfSwiftUI;
				PRODUCT_NAME = "$(TARGET_NAME)";
				SWIFT_EMIT_LOC_STRINGS = YES;
				SWIFT_VERSION = 5.0;
				TARGETED_DEVICE_FAMILY = "1,2";
			};
			name = Release;
		};
		F97ED3B927F2D2490033C15C /* Debug */ = {
			isa = XCBuildConfiguration;
			buildSettings = {
				ALWAYS_EMBED_SWIFT_STANDARD_LIBRARIES = YES;
				BUNDLE_LOADER = "$(TEST_HOST)";
				CODE_SIGN_STYLE = Automatic;
				CURRENT_PROJECT_VERSION = 1;
				DEVELOPMENT_TEAM = 4YL95KDQ6V;
				GENERATE_INFOPLIST_FILE = YES;
				IPHONEOS_DEPLOYMENT_TARGET = 15.4;
				MARKETING_VERSION = 1.0;
				PRODUCT_BUNDLE_IDENTIFIER = com.willchen.HundredDaysOfSwiftUITests;
				PRODUCT_NAME = "$(TARGET_NAME)";
				SWIFT_EMIT_LOC_STRINGS = NO;
				SWIFT_VERSION = 5.0;
				TARGETED_DEVICE_FAMILY = "1,2";
				TEST_HOST = "$(BUILT_PRODUCTS_DIR)/HundredDaysOfSwiftUI.app/HundredDaysOfSwiftUI";
			};
			name = Debug;
		};
		F97ED3BA27F2D2490033C15C /* Release */ = {
			isa = XCBuildConfiguration;
			buildSettings = {
				ALWAYS_EMBED_SWIFT_STANDARD_LIBRARIES = YES;
				BUNDLE_LOADER = "$(TEST_HOST)";
				CODE_SIGN_STYLE = Automatic;
				CURRENT_PROJECT_VERSION = 1;
				DEVELOPMENT_TEAM = 4YL95KDQ6V;
				GENERATE_INFOPLIST_FILE = YES;
				IPHONEOS_DEPLOYMENT_TARGET = 15.4;
				MARKETING_VERSION = 1.0;
				PRODUCT_BUNDLE_IDENTIFIER = com.willchen.HundredDaysOfSwiftUITests;
				PRODUCT_NAME = "$(TARGET_NAME)";
				SWIFT_EMIT_LOC_STRINGS = NO;
				SWIFT_VERSION = 5.0;
				TARGETED_DEVICE_FAMILY = "1,2";
				TEST_HOST = "$(BUILT_PRODUCTS_DIR)/HundredDaysOfSwiftUI.app/HundredDaysOfSwiftUI";
			};
			name = Release;
		};
		F97ED3BC27F2D2490033C15C /* Debug */ = {
			isa = XCBuildConfiguration;
			buildSettings = {
				ALWAYS_EMBED_SWIFT_STANDARD_LIBRARIES = YES;
				CODE_SIGN_STYLE = Automatic;
				CURRENT_PROJECT_VERSION = 1;
				DEVELOPMENT_TEAM = 4YL95KDQ6V;
				GENERATE_INFOPLIST_FILE = YES;
				MARKETING_VERSION = 1.0;
				PRODUCT_BUNDLE_IDENTIFIER = com.willchen.HundredDaysOfSwiftUIUITests;
				PRODUCT_NAME = "$(TARGET_NAME)";
				SWIFT_EMIT_LOC_STRINGS = NO;
				SWIFT_VERSION = 5.0;
				TARGETED_DEVICE_FAMILY = "1,2";
				TEST_TARGET_NAME = HundredDaysOfSwiftUI;
			};
			name = Debug;
		};
		F97ED3BD27F2D2490033C15C /* Release */ = {
			isa = XCBuildConfiguration;
			buildSettings = {
				ALWAYS_EMBED_SWIFT_STANDARD_LIBRARIES = YES;
				CODE_SIGN_STYLE = Automatic;
				CURRENT_PROJECT_VERSION = 1;
				DEVELOPMENT_TEAM = 4YL95KDQ6V;
				GENERATE_INFOPLIST_FILE = YES;
				MARKETING_VERSION = 1.0;
				PRODUCT_BUNDLE_IDENTIFIER = com.willchen.HundredDaysOfSwiftUIUITests;
				PRODUCT_NAME = "$(TARGET_NAME)";
				SWIFT_EMIT_LOC_STRINGS = NO;
				SWIFT_VERSION = 5.0;
				TARGETED_DEVICE_FAMILY = "1,2";
				TEST_TARGET_NAME = HundredDaysOfSwiftUI;
			};
			name = Release;
		};
/* End XCBuildConfiguration section */

/* Begin XCConfigurationList section */
		F97ED38C27F2D2470033C15C /* Build configuration list for PBXProject "HundredDaysOfSwiftUI" */ = {
			isa = XCConfigurationList;
			buildConfigurations = (
				F97ED3B327F2D2490033C15C /* Debug */,
				F97ED3B427F2D2490033C15C /* Release */,
			);
			defaultConfigurationIsVisible = 0;
			defaultConfigurationName = Release;
		};
		F97ED3B527F2D2490033C15C /* Build configuration list for PBXNativeTarget "HundredDaysOfSwiftUI" */ = {
			isa = XCConfigurationList;
			buildConfigurations = (
				F97ED3B627F2D2490033C15C /* Debug */,
				F97ED3B727F2D2490033C15C /* Release */,
			);
			defaultConfigurationIsVisible = 0;
			defaultConfigurationName = Release;
		};
		F97ED3B827F2D2490033C15C /* Build configuration list for PBXNativeTarget "HundredDaysOfSwiftUITests" */ = {
			isa = XCConfigurationList;
			buildConfigurations = (
				F97ED3B927F2D2490033C15C /* Debug */,
				F97ED3BA27F2D2490033C15C /* Release */,
			);
			defaultConfigurationIsVisible = 0;
			defaultConfigurationName = Release;
		};
		F97ED3BB27F2D2490033C15C /* Build configuration list for PBXNativeTarget "HundredDaysOfSwiftUIUITests" */ = {
			isa = XCConfigurationList;
			buildConfigurations = (
				F97ED3BC27F2D2490033C15C /* Debug */,
				F97ED3BD27F2D2490033C15C /* Release */,
			);
			defaultConfigurationIsVisible = 0;
			defaultConfigurationName = Release;
		};
/* End XCConfigurationList section */

/* Begin XCVersionGroup section */
		F9C01748282CB52A009E4078 /* Bookworm.xcdatamodeld */ = {
			isa = XCVersionGroup;
			children = (
				F9C01749282CB52A009E4078 /* Bookworm.xcdatamodel */,
			);
			currentVersion = F9C01749282CB52A009E4078 /* Bookworm.xcdatamodel */;
			path = Bookworm.xcdatamodeld;
			sourceTree = "<group>";
			versionGroupType = wrapper.xcdatamodel;
		};
		F9C0175D28323680009E4078 /* CoreDataProject.xcdatamodeld */ = {
			isa = XCVersionGroup;
			children = (
				F9C0175E28323680009E4078 /* CoreDataProject.xcdatamodel */,
			);
			currentVersion = F9C0175E28323680009E4078 /* CoreDataProject.xcdatamodel */;
			path = CoreDataProject.xcdatamodeld;
			sourceTree = "<group>";
			versionGroupType = wrapper.xcdatamodel;
		};
		F9EF99DE283768E5005DBC91 /* FriendFace.xcdatamodeld */ = {
			isa = XCVersionGroup;
			children = (
				F9EF99DF283768E5005DBC91 /* FriendFace.xcdatamodel */,
			);
			currentVersion = F9EF99DF283768E5005DBC91 /* FriendFace.xcdatamodel */;
			path = FriendFace.xcdatamodeld;
			sourceTree = "<group>";
			versionGroupType = wrapper.xcdatamodel;
		};
/* End XCVersionGroup section */
	};
	rootObject = F97ED38927F2D2470033C15C /* Project object */;
}
