// !$*UTF8*$!
{
	archiveVersion = 1;
	classes = {
	};
	objectVersion = 55;
	objects = {

/* Begin PBXBuildFile section */
		F90EFC972820D4B300DC38AE /* DrawingContentView.swift in Sources */ = {isa = PBXBuildFile; fileRef = F90EFC962820D4B300DC38AE /* DrawingContentView.swift */; };
		F90EFC992820FB5E00DC38AE /* PathExample.swift in Sources */ = {isa = PBXBuildFile; fileRef = F90EFC982820FB5E00DC38AE /* PathExample.swift */; };
		F90EFC9B282100D300DC38AE /* FlowerDemo.swift in Sources */ = {isa = PBXBuildFile; fileRef = F90EFC9A282100D300DC38AE /* FlowerDemo.swift */; };
		F90EFC9D282103FD00DC38AE /* ImagePaintDemo.swift in Sources */ = {isa = PBXBuildFile; fileRef = F90EFC9C282103FD00DC38AE /* ImagePaintDemo.swift */; };
		F90EFC9F2821069B00DC38AE /* ColorCyclingCircle.swift in Sources */ = {isa = PBXBuildFile; fileRef = F90EFC9E2821069B00DC38AE /* ColorCyclingCircle.swift */; };
		F90EFCA128210FEC00DC38AE /* BlendModeDemo.swift in Sources */ = {isa = PBXBuildFile; fileRef = F90EFCA028210FEC00DC38AE /* BlendModeDemo.swift */; };
		F90EFCA32821141A00DC38AE /* AnimatableDataDemo.swift in Sources */ = {isa = PBXBuildFile; fileRef = F90EFCA22821141A00DC38AE /* AnimatableDataDemo.swift */; };
		F90EFCA5282116CB00DC38AE /* AnimatablePairDemo.swift in Sources */ = {isa = PBXBuildFile; fileRef = F90EFCA4282116CB00DC38AE /* AnimatablePairDemo.swift */; };
		F90EFCA728211B0900DC38AE /* SpirographDemo.swift in Sources */ = {isa = PBXBuildFile; fileRef = F90EFCA628211B0900DC38AE /* SpirographDemo.swift */; };
		F90EFCA928224B7200DC38AE /* Challenge_AnimatableArrow.swift in Sources */ = {isa = PBXBuildFile; fileRef = F90EFCA828224B7200DC38AE /* Challenge_AnimatableArrow.swift */; };
		F90EFCAB28224C2600DC38AE /* Challenge_ColorCyclingRectangle.swift in Sources */ = {isa = PBXBuildFile; fileRef = F90EFCAA28224C2600DC38AE /* Challenge_ColorCyclingRectangle.swift */; };
		F927B7522817987A00637927 /* iExpenseContentView.swift in Sources */ = {isa = PBXBuildFile; fileRef = F927B7512817987900637927 /* iExpenseContentView.swift */; };
		F927B7542817C0A000637927 /* DeleteView.swift in Sources */ = {isa = PBXBuildFile; fileRef = F927B7532817C09F00637927 /* DeleteView.swift */; };
		F927B7562817C59D00637927 /* AppStorageView.swift in Sources */ = {isa = PBXBuildFile; fileRef = F927B7552817C59D00637927 /* AppStorageView.swift */; };
		F927B7582817C5C500637927 /* DismissView.swift in Sources */ = {isa = PBXBuildFile; fileRef = F927B7572817C5C500637927 /* DismissView.swift */; };
		F927B75A2817D11400637927 /* CodableView.swift in Sources */ = {isa = PBXBuildFile; fileRef = F927B7592817D11300637927 /* CodableView.swift */; };
		F927B75C2817D18F00637927 /* ExpenseItem.swift in Sources */ = {isa = PBXBuildFile; fileRef = F927B75B2817D18F00637927 /* ExpenseItem.swift */; };
		F927B75E2817D1CE00637927 /* Expenses.swift in Sources */ = {isa = PBXBuildFile; fileRef = F927B75D2817D1CE00637927 /* Expenses.swift */; };
		F927B7602817D68900637927 /* AddView.swift in Sources */ = {isa = PBXBuildFile; fileRef = F927B75F2817D68900637927 /* AddView.swift */; };
		F97ED39527F2D2470033C15C /* HundredDaysOfSwiftUIApp.swift in Sources */ = {isa = PBXBuildFile; fileRef = F97ED39427F2D2470033C15C /* HundredDaysOfSwiftUIApp.swift */; };
		F97ED39727F2D2470033C15C /* ContentView.swift in Sources */ = {isa = PBXBuildFile; fileRef = F97ED39627F2D2470033C15C /* ContentView.swift */; };
		F97ED39927F2D2490033C15C /* Assets.xcassets in Resources */ = {isa = PBXBuildFile; fileRef = F97ED39827F2D2490033C15C /* Assets.xcassets */; };
		F97ED39C27F2D2490033C15C /* Preview Assets.xcassets in Resources */ = {isa = PBXBuildFile; fileRef = F97ED39B27F2D2490033C15C /* Preview Assets.xcassets */; };
		F97ED3A627F2D2490033C15C /* HundredDaysOfSwiftUITests.swift in Sources */ = {isa = PBXBuildFile; fileRef = F97ED3A527F2D2490033C15C /* HundredDaysOfSwiftUITests.swift */; };
		F97ED3B027F2D2490033C15C /* HundredDaysOfSwiftUIUITests.swift in Sources */ = {isa = PBXBuildFile; fileRef = F97ED3AF27F2D2490033C15C /* HundredDaysOfSwiftUIUITests.swift */; };
		F97ED3B227F2D2490033C15C /* HundredDaysOfSwiftUIUITestsLaunchTests.swift in Sources */ = {isa = PBXBuildFile; fileRef = F97ED3B127F2D2490033C15C /* HundredDaysOfSwiftUIUITestsLaunchTests.swift */; };
		F99FC3FA28054E6A0054CAF7 /* ChallengeOneContentView.swift in Sources */ = {isa = PBXBuildFile; fileRef = F99FC3F928054E6A0054CAF7 /* ChallengeOneContentView.swift */; };
		F99FC3FD2806740F0054CAF7 /* GuessTheFlagContentView.swift in Sources */ = {isa = PBXBuildFile; fileRef = F99FC3FC2806740F0054CAF7 /* GuessTheFlagContentView.swift */; };
		F99FC4002807FEB80054CAF7 /* ViewsAndModifiersContentView.swift in Sources */ = {isa = PBXBuildFile; fileRef = F99FC3FF2807FEB70054CAF7 /* ViewsAndModifiersContentView.swift */; };
		F99FC403280D0BE00054CAF7 /* RPSContentView.swift in Sources */ = {isa = PBXBuildFile; fileRef = F99FC402280D0BE00054CAF7 /* RPSContentView.swift */; };
		F9A5761B280E5E2600866612 /* BetterRestContentView.swift in Sources */ = {isa = PBXBuildFile; fileRef = F9A5761A280E5E2500866612 /* BetterRestContentView.swift */; };
		F9A5761F280E8CD800866612 /* SleepCalculator.mlmodel in Sources */ = {isa = PBXBuildFile; fileRef = F9A5761E280E8CD800866612 /* SleepCalculator.mlmodel */; };
		F9A57622280FA97100866612 /* WordScrambleContentView.swift in Sources */ = {isa = PBXBuildFile; fileRef = F9A57621280FA97000866612 /* WordScrambleContentView.swift */; };
		F9A57624280FD9B200866612 /* start.txt in Resources */ = {isa = PBXBuildFile; fileRef = F9A57623280FD9B100866612 /* start.txt */; };
		F9A576272810F9B000866612 /* AnimationsContentView.swift in Sources */ = {isa = PBXBuildFile; fileRef = F9A576262810F9AF00866612 /* AnimationsContentView.swift */; };
		F9A576292811039200866612 /* OverlayButton.swift in Sources */ = {isa = PBXBuildFile; fileRef = F9A576282811039200866612 /* OverlayButton.swift */; };
		F9A5762B281105E000866612 /* StepperAnimation.swift in Sources */ = {isa = PBXBuildFile; fileRef = F9A5762A281105E000866612 /* StepperAnimation.swift */; };
		F9A5762D281134E800866612 /* WordDragging.swift in Sources */ = {isa = PBXBuildFile; fileRef = F9A5762C281134E800866612 /* WordDragging.swift */; };
		F9A576302812531000866612 /* EdutainmentContentView.swift in Sources */ = {isa = PBXBuildFile; fileRef = F9A5762F2812531000866612 /* EdutainmentContentView.swift */; };
		F9F6F35B281921B1003FD5E7 /* MoonshotContentView.swift in Sources */ = {isa = PBXBuildFile; fileRef = F9F6F35A281921B1003FD5E7 /* MoonshotContentView.swift */; };
		F9F6F35D28192A46003FD5E7 /* LazyScrollView.swift in Sources */ = {isa = PBXBuildFile; fileRef = F9F6F35C28192A46003FD5E7 /* LazyScrollView.swift */; };
		F9F6F35F28192CD9003FD5E7 /* NavigationLinkDemoView.swift in Sources */ = {isa = PBXBuildFile; fileRef = F9F6F35E28192CD9003FD5E7 /* NavigationLinkDemoView.swift */; };
		F9F6F36128192F9F003FD5E7 /* DecodableButton.swift in Sources */ = {isa = PBXBuildFile; fileRef = F9F6F36028192F9F003FD5E7 /* DecodableButton.swift */; };
		F9F6F36328192FCC003FD5E7 /* ScrollingGridView.swift in Sources */ = {isa = PBXBuildFile; fileRef = F9F6F36228192FCC003FD5E7 /* ScrollingGridView.swift */; };
		F9F6F366281A3B08003FD5E7 /* astronauts.json in Resources */ = {isa = PBXBuildFile; fileRef = F9F6F364281A3B08003FD5E7 /* astronauts.json */; };
		F9F6F367281A3B08003FD5E7 /* missions.json in Resources */ = {isa = PBXBuildFile; fileRef = F9F6F365281A3B08003FD5E7 /* missions.json */; };
		F9F6F36A281A3B99003FD5E7 /* Astronaut.swift in Sources */ = {isa = PBXBuildFile; fileRef = F9F6F369281A3B99003FD5E7 /* Astronaut.swift */; };
		F9F6F36D281A3BE9003FD5E7 /* Bundle-Decodable.swift in Sources */ = {isa = PBXBuildFile; fileRef = F9F6F36C281A3BE9003FD5E7 /* Bundle-Decodable.swift */; };
		F9F6F36F281A3E57003FD5E7 /* Mission.swift in Sources */ = {isa = PBXBuildFile; fileRef = F9F6F36E281A3E57003FD5E7 /* Mission.swift */; };
		F9F6F371281A4497003FD5E7 /* Color-Theme.swift in Sources */ = {isa = PBXBuildFile; fileRef = F9F6F370281A4497003FD5E7 /* Color-Theme.swift */; };
		F9F6F373281A641E003FD5E7 /* MissionView.swift in Sources */ = {isa = PBXBuildFile; fileRef = F9F6F372281A641E003FD5E7 /* MissionView.swift */; };
		F9F6F375281A6B54003FD5E7 /* AstronautView.swift in Sources */ = {isa = PBXBuildFile; fileRef = F9F6F374281A6B54003FD5E7 /* AstronautView.swift */; };
		F9F6F377281A784C003FD5E7 /* MissionGridView.swift in Sources */ = {isa = PBXBuildFile; fileRef = F9F6F376281A784C003FD5E7 /* MissionGridView.swift */; };
		F9F6F379281A794C003FD5E7 /* CrewMember.swift in Sources */ = {isa = PBXBuildFile; fileRef = F9F6F378281A794C003FD5E7 /* CrewMember.swift */; };
		F9F6F37B281A828C003FD5E7 /* MissionListView.swift in Sources */ = {isa = PBXBuildFile; fileRef = F9F6F37A281A828C003FD5E7 /* MissionListView.swift */; };
/* End PBXBuildFile section */

/* Begin PBXContainerItemProxy section */
		F97ED3A227F2D2490033C15C /* PBXContainerItemProxy */ = {
			isa = PBXContainerItemProxy;
			containerPortal = F97ED38927F2D2470033C15C /* Project object */;
			proxyType = 1;
			remoteGlobalIDString = F97ED39027F2D2470033C15C;
			remoteInfo = HundredDaysOfSwiftUI;
		};
		F97ED3AC27F2D2490033C15C /* PBXContainerItemProxy */ = {
			isa = PBXContainerItemProxy;
			containerPortal = F97ED38927F2D2470033C15C /* Project object */;
			proxyType = 1;
			remoteGlobalIDString = F97ED39027F2D2470033C15C;
			remoteInfo = HundredDaysOfSwiftUI;
		};
/* End PBXContainerItemProxy section */

/* Begin PBXFileReference section */
		F90EFC962820D4B300DC38AE /* DrawingContentView.swift */ = {isa = PBXFileReference; lastKnownFileType = sourcecode.swift; path = DrawingContentView.swift; sourceTree = "<group>"; };
		F90EFC982820FB5E00DC38AE /* PathExample.swift */ = {isa = PBXFileReference; lastKnownFileType = sourcecode.swift; path = PathExample.swift; sourceTree = "<group>"; };
		F90EFC9A282100D300DC38AE /* FlowerDemo.swift */ = {isa = PBXFileReference; lastKnownFileType = sourcecode.swift; path = FlowerDemo.swift; sourceTree = "<group>"; };
		F90EFC9C282103FD00DC38AE /* ImagePaintDemo.swift */ = {isa = PBXFileReference; lastKnownFileType = sourcecode.swift; path = ImagePaintDemo.swift; sourceTree = "<group>"; };
		F90EFC9E2821069B00DC38AE /* ColorCyclingCircle.swift */ = {isa = PBXFileReference; lastKnownFileType = sourcecode.swift; path = ColorCyclingCircle.swift; sourceTree = "<group>"; };
		F90EFCA028210FEC00DC38AE /* BlendModeDemo.swift */ = {isa = PBXFileReference; lastKnownFileType = sourcecode.swift; path = BlendModeDemo.swift; sourceTree = "<group>"; };
		F90EFCA22821141A00DC38AE /* AnimatableDataDemo.swift */ = {isa = PBXFileReference; lastKnownFileType = sourcecode.swift; path = AnimatableDataDemo.swift; sourceTree = "<group>"; };
		F90EFCA4282116CB00DC38AE /* AnimatablePairDemo.swift */ = {isa = PBXFileReference; lastKnownFileType = sourcecode.swift; path = AnimatablePairDemo.swift; sourceTree = "<group>"; };
		F90EFCA628211B0900DC38AE /* SpirographDemo.swift */ = {isa = PBXFileReference; lastKnownFileType = sourcecode.swift; path = SpirographDemo.swift; sourceTree = "<group>"; };
		F90EFCA828224B7200DC38AE /* Challenge_AnimatableArrow.swift */ = {isa = PBXFileReference; lastKnownFileType = sourcecode.swift; path = Challenge_AnimatableArrow.swift; sourceTree = "<group>"; };
		F90EFCAA28224C2600DC38AE /* Challenge_ColorCyclingRectangle.swift */ = {isa = PBXFileReference; lastKnownFileType = sourcecode.swift; path = Challenge_ColorCyclingRectangle.swift; sourceTree = "<group>"; };
		F927B7512817987900637927 /* iExpenseContentView.swift */ = {isa = PBXFileReference; lastKnownFileType = sourcecode.swift; path = iExpenseContentView.swift; sourceTree = "<group>"; };
		F927B7532817C09F00637927 /* DeleteView.swift */ = {isa = PBXFileReference; lastKnownFileType = sourcecode.swift; path = DeleteView.swift; sourceTree = "<group>"; };
		F927B7552817C59D00637927 /* AppStorageView.swift */ = {isa = PBXFileReference; lastKnownFileType = sourcecode.swift; path = AppStorageView.swift; sourceTree = "<group>"; };
		F927B7572817C5C500637927 /* DismissView.swift */ = {isa = PBXFileReference; lastKnownFileType = sourcecode.swift; path = DismissView.swift; sourceTree = "<group>"; };
		F927B7592817D11300637927 /* CodableView.swift */ = {isa = PBXFileReference; lastKnownFileType = sourcecode.swift; path = CodableView.swift; sourceTree = "<group>"; };
		F927B75B2817D18F00637927 /* ExpenseItem.swift */ = {isa = PBXFileReference; lastKnownFileType = sourcecode.swift; path = ExpenseItem.swift; sourceTree = "<group>"; };
		F927B75D2817D1CE00637927 /* Expenses.swift */ = {isa = PBXFileReference; lastKnownFileType = sourcecode.swift; path = Expenses.swift; sourceTree = "<group>"; };
		F927B75F2817D68900637927 /* AddView.swift */ = {isa = PBXFileReference; lastKnownFileType = sourcecode.swift; path = AddView.swift; sourceTree = "<group>"; };
		F97ED39127F2D2470033C15C /* HundredDaysOfSwiftUI.app */ = {isa = PBXFileReference; explicitFileType = wrapper.application; includeInIndex = 0; path = HundredDaysOfSwiftUI.app; sourceTree = BUILT_PRODUCTS_DIR; };
		F97ED39427F2D2470033C15C /* HundredDaysOfSwiftUIApp.swift */ = {isa = PBXFileReference; lastKnownFileType = sourcecode.swift; path = HundredDaysOfSwiftUIApp.swift; sourceTree = "<group>"; };
		F97ED39627F2D2470033C15C /* ContentView.swift */ = {isa = PBXFileReference; lastKnownFileType = sourcecode.swift; path = ContentView.swift; sourceTree = "<group>"; };
		F97ED39827F2D2490033C15C /* Assets.xcassets */ = {isa = PBXFileReference; lastKnownFileType = folder.assetcatalog; path = Assets.xcassets; sourceTree = "<group>"; };
		F97ED39B27F2D2490033C15C /* Preview Assets.xcassets */ = {isa = PBXFileReference; lastKnownFileType = folder.assetcatalog; path = "Preview Assets.xcassets"; sourceTree = "<group>"; };
		F97ED3A127F2D2490033C15C /* HundredDaysOfSwiftUITests.xctest */ = {isa = PBXFileReference; explicitFileType = wrapper.cfbundle; includeInIndex = 0; path = HundredDaysOfSwiftUITests.xctest; sourceTree = BUILT_PRODUCTS_DIR; };
		F97ED3A527F2D2490033C15C /* HundredDaysOfSwiftUITests.swift */ = {isa = PBXFileReference; lastKnownFileType = sourcecode.swift; path = HundredDaysOfSwiftUITests.swift; sourceTree = "<group>"; };
		F97ED3AB27F2D2490033C15C /* HundredDaysOfSwiftUIUITests.xctest */ = {isa = PBXFileReference; explicitFileType = wrapper.cfbundle; includeInIndex = 0; path = HundredDaysOfSwiftUIUITests.xctest; sourceTree = BUILT_PRODUCTS_DIR; };
		F97ED3AF27F2D2490033C15C /* HundredDaysOfSwiftUIUITests.swift */ = {isa = PBXFileReference; lastKnownFileType = sourcecode.swift; path = HundredDaysOfSwiftUIUITests.swift; sourceTree = "<group>"; };
		F97ED3B127F2D2490033C15C /* HundredDaysOfSwiftUIUITestsLaunchTests.swift */ = {isa = PBXFileReference; lastKnownFileType = sourcecode.swift; path = HundredDaysOfSwiftUIUITestsLaunchTests.swift; sourceTree = "<group>"; };
		F97ED3BF27F2DB6E0033C15C /* Playground.playground */ = {isa = PBXFileReference; lastKnownFileType = file.playground; path = Playground.playground; sourceTree = "<group>"; xcLanguageSpecificationIdentifier = xcode.lang.swift; };
		F99FC3F928054E6A0054CAF7 /* ChallengeOneContentView.swift */ = {isa = PBXFileReference; lastKnownFileType = sourcecode.swift; path = ChallengeOneContentView.swift; sourceTree = "<group>"; };
		F99FC3FC2806740F0054CAF7 /* GuessTheFlagContentView.swift */ = {isa = PBXFileReference; lastKnownFileType = sourcecode.swift; path = GuessTheFlagContentView.swift; sourceTree = "<group>"; };
		F99FC3FF2807FEB70054CAF7 /* ViewsAndModifiersContentView.swift */ = {isa = PBXFileReference; lastKnownFileType = sourcecode.swift; path = ViewsAndModifiersContentView.swift; sourceTree = "<group>"; };
		F99FC402280D0BE00054CAF7 /* RPSContentView.swift */ = {isa = PBXFileReference; lastKnownFileType = sourcecode.swift; path = RPSContentView.swift; sourceTree = "<group>"; };
		F9A5761A280E5E2500866612 /* BetterRestContentView.swift */ = {isa = PBXFileReference; lastKnownFileType = sourcecode.swift; path = BetterRestContentView.swift; sourceTree = "<group>"; };
		F9A5761E280E8CD800866612 /* SleepCalculator.mlmodel */ = {isa = PBXFileReference; lastKnownFileType = file.mlmodel; path = SleepCalculator.mlmodel; sourceTree = "<group>"; };
		F9A57621280FA97000866612 /* WordScrambleContentView.swift */ = {isa = PBXFileReference; lastKnownFileType = sourcecode.swift; path = WordScrambleContentView.swift; sourceTree = "<group>"; };
		F9A57623280FD9B100866612 /* start.txt */ = {isa = PBXFileReference; fileEncoding = 4; lastKnownFileType = text; path = start.txt; sourceTree = "<group>"; };
		F9A576262810F9AF00866612 /* AnimationsContentView.swift */ = {isa = PBXFileReference; lastKnownFileType = sourcecode.swift; path = AnimationsContentView.swift; sourceTree = "<group>"; };
		F9A576282811039200866612 /* OverlayButton.swift */ = {isa = PBXFileReference; lastKnownFileType = sourcecode.swift; path = OverlayButton.swift; sourceTree = "<group>"; };
		F9A5762A281105E000866612 /* StepperAnimation.swift */ = {isa = PBXFileReference; lastKnownFileType = sourcecode.swift; path = StepperAnimation.swift; sourceTree = "<group>"; };
		F9A5762C281134E800866612 /* WordDragging.swift */ = {isa = PBXFileReference; lastKnownFileType = sourcecode.swift; path = WordDragging.swift; sourceTree = "<group>"; };
		F9A5762F2812531000866612 /* EdutainmentContentView.swift */ = {isa = PBXFileReference; lastKnownFileType = sourcecode.swift; path = EdutainmentContentView.swift; sourceTree = "<group>"; };
		F9F6F35A281921B1003FD5E7 /* MoonshotContentView.swift */ = {isa = PBXFileReference; lastKnownFileType = sourcecode.swift; path = MoonshotContentView.swift; sourceTree = "<group>"; };
		F9F6F35C28192A46003FD5E7 /* LazyScrollView.swift */ = {isa = PBXFileReference; lastKnownFileType = sourcecode.swift; path = LazyScrollView.swift; sourceTree = "<group>"; };
		F9F6F35E28192CD9003FD5E7 /* NavigationLinkDemoView.swift */ = {isa = PBXFileReference; lastKnownFileType = sourcecode.swift; path = NavigationLinkDemoView.swift; sourceTree = "<group>"; };
		F9F6F36028192F9F003FD5E7 /* DecodableButton.swift */ = {isa = PBXFileReference; lastKnownFileType = sourcecode.swift; path = DecodableButton.swift; sourceTree = "<group>"; };
		F9F6F36228192FCC003FD5E7 /* ScrollingGridView.swift */ = {isa = PBXFileReference; lastKnownFileType = sourcecode.swift; path = ScrollingGridView.swift; sourceTree = "<group>"; };
		F9F6F364281A3B08003FD5E7 /* astronauts.json */ = {isa = PBXFileReference; fileEncoding = 4; lastKnownFileType = text.json; path = astronauts.json; sourceTree = "<group>"; };
		F9F6F365281A3B08003FD5E7 /* missions.json */ = {isa = PBXFileReference; fileEncoding = 4; lastKnownFileType = text.json; path = missions.json; sourceTree = "<group>"; };
		F9F6F369281A3B99003FD5E7 /* Astronaut.swift */ = {isa = PBXFileReference; lastKnownFileType = sourcecode.swift; path = Astronaut.swift; sourceTree = "<group>"; };
		F9F6F36C281A3BE9003FD5E7 /* Bundle-Decodable.swift */ = {isa = PBXFileReference; lastKnownFileType = sourcecode.swift; path = "Bundle-Decodable.swift"; sourceTree = "<group>"; };
		F9F6F36E281A3E57003FD5E7 /* Mission.swift */ = {isa = PBXFileReference; lastKnownFileType = sourcecode.swift; path = Mission.swift; sourceTree = "<group>"; };
		F9F6F370281A4497003FD5E7 /* Color-Theme.swift */ = {isa = PBXFileReference; lastKnownFileType = sourcecode.swift; path = "Color-Theme.swift"; sourceTree = "<group>"; };
		F9F6F372281A641E003FD5E7 /* MissionView.swift */ = {isa = PBXFileReference; lastKnownFileType = sourcecode.swift; path = MissionView.swift; sourceTree = "<group>"; };
		F9F6F374281A6B54003FD5E7 /* AstronautView.swift */ = {isa = PBXFileReference; lastKnownFileType = sourcecode.swift; path = AstronautView.swift; sourceTree = "<group>"; };
		F9F6F376281A784C003FD5E7 /* MissionGridView.swift */ = {isa = PBXFileReference; lastKnownFileType = sourcecode.swift; path = MissionGridView.swift; sourceTree = "<group>"; };
		F9F6F378281A794C003FD5E7 /* CrewMember.swift */ = {isa = PBXFileReference; lastKnownFileType = sourcecode.swift; path = CrewMember.swift; sourceTree = "<group>"; };
		F9F6F37A281A828C003FD5E7 /* MissionListView.swift */ = {isa = PBXFileReference; lastKnownFileType = sourcecode.swift; path = MissionListView.swift; sourceTree = "<group>"; };
/* End PBXFileReference section */

/* Begin PBXFrameworksBuildPhase section */
		F97ED38E27F2D2470033C15C /* Frameworks */ = {
			isa = PBXFrameworksBuildPhase;
			buildActionMask = 2147483647;
			files = (
			);
			runOnlyForDeploymentPostprocessing = 0;
		};
		F97ED39E27F2D2490033C15C /* Frameworks */ = {
			isa = PBXFrameworksBuildPhase;
			buildActionMask = 2147483647;
			files = (
			);
			runOnlyForDeploymentPostprocessing = 0;
		};
		F97ED3A827F2D2490033C15C /* Frameworks */ = {
			isa = PBXFrameworksBuildPhase;
			buildActionMask = 2147483647;
			files = (
			);
			runOnlyForDeploymentPostprocessing = 0;
		};
/* End PBXFrameworksBuildPhase section */

/* Begin PBXGroup section */
		F90EFC932820D3BB00DC38AE /* Project9_Drawing */ = {
			isa = PBXGroup;
			children = (
				F90EFC962820D4B300DC38AE /* DrawingContentView.swift */,
				F90EFCAC28224E1A00DC38AE /* Challenges */,
				F90EFCAD28224E2C00DC38AE /* Examples */,
			);
			path = Project9_Drawing;
			sourceTree = "<group>";
		};
		F90EFCAC28224E1A00DC38AE /* Challenges */ = {
			isa = PBXGroup;
			children = (
				F90EFCA828224B7200DC38AE /* Challenge_AnimatableArrow.swift */,
				F90EFCAA28224C2600DC38AE /* Challenge_ColorCyclingRectangle.swift */,
			);
			path = Challenges;
			sourceTree = "<group>";
		};
		F90EFCAD28224E2C00DC38AE /* Examples */ = {
			isa = PBXGroup;
			children = (
				F90EFC982820FB5E00DC38AE /* PathExample.swift */,
				F90EFC9A282100D300DC38AE /* FlowerDemo.swift */,
				F90EFC9C282103FD00DC38AE /* ImagePaintDemo.swift */,
				F90EFC9E2821069B00DC38AE /* ColorCyclingCircle.swift */,
				F90EFCA028210FEC00DC38AE /* BlendModeDemo.swift */,
				F90EFCA22821141A00DC38AE /* AnimatableDataDemo.swift */,
				F90EFCA4282116CB00DC38AE /* AnimatablePairDemo.swift */,
				F90EFCA628211B0900DC38AE /* SpirographDemo.swift */,
			);
			path = Examples;
			sourceTree = "<group>";
		};
		F927B750281797D700637927 /* Project7_iExpense */ = {
			isa = PBXGroup;
			children = (
				F9F6F358281912B4003FD5E7 /* Model */,
				F9F6F357281912AD003FD5E7 /* View */,
			);
			path = Project7_iExpense;
			sourceTree = "<group>";
		};
		F97ED38827F2D2470033C15C = {
			isa = PBXGroup;
			children = (
				F97ED3BF27F2DB6E0033C15C /* Playground.playground */,
				F97ED39327F2D2470033C15C /* HundredDaysOfSwiftUI */,
				F97ED3A427F2D2490033C15C /* HundredDaysOfSwiftUITests */,
				F97ED3AE27F2D2490033C15C /* HundredDaysOfSwiftUIUITests */,
				F97ED39227F2D2470033C15C /* Products */,
			);
			sourceTree = "<group>";
		};
		F97ED39227F2D2470033C15C /* Products */ = {
			isa = PBXGroup;
			children = (
				F97ED39127F2D2470033C15C /* HundredDaysOfSwiftUI.app */,
				F97ED3A127F2D2490033C15C /* HundredDaysOfSwiftUITests.xctest */,
				F97ED3AB27F2D2490033C15C /* HundredDaysOfSwiftUIUITests.xctest */,
			);
			name = Products;
			sourceTree = "<group>";
		};
		F97ED39327F2D2470033C15C /* HundredDaysOfSwiftUI */ = {
			isa = PBXGroup;
			children = (
				F97ED39427F2D2470033C15C /* HundredDaysOfSwiftUIApp.swift */,
				F99FC3F728054C430054CAF7 /* Project1_WeSplit */,
				F99FC3F828054E330054CAF7 /* Challenge1 */,
				F99FC3FB280673CD0054CAF7 /* Project2_GuessTheFlag */,
				F99FC3FE2807FE8E0054CAF7 /* Project3_ViewsAndModifiers */,
				F99FC401280D0BC30054CAF7 /* Chanllenge2 */,
				F9A57619280E5DB600866612 /* Project4_ BetterRest */,
				F9A57620280FA95300866612 /* Project5_WordScramble */,
				F9A576252810F96600866612 /* Project6_Animations */,
				F9A5762E281252F600866612 /* Chanllenge3 */,
				F927B750281797D700637927 /* Project7_iExpense */,
				F9F6F35928192179003FD5E7 /* Project8_MoonShot */,
				F90EFC932820D3BB00DC38AE /* Project9_Drawing */,
				F97ED39827F2D2490033C15C /* Assets.xcassets */,
				F97ED39A27F2D2490033C15C /* Preview Content */,
			);
			path = HundredDaysOfSwiftUI;
			sourceTree = "<group>";
		};
		F97ED39A27F2D2490033C15C /* Preview Content */ = {
			isa = PBXGroup;
			children = (
				F97ED39B27F2D2490033C15C /* Preview Assets.xcassets */,
			);
			path = "Preview Content";
			sourceTree = "<group>";
		};
		F97ED3A427F2D2490033C15C /* HundredDaysOfSwiftUITests */ = {
			isa = PBXGroup;
			children = (
				F97ED3A527F2D2490033C15C /* HundredDaysOfSwiftUITests.swift */,
			);
			path = HundredDaysOfSwiftUITests;
			sourceTree = "<group>";
		};
		F97ED3AE27F2D2490033C15C /* HundredDaysOfSwiftUIUITests */ = {
			isa = PBXGroup;
			children = (
				F97ED3AF27F2D2490033C15C /* HundredDaysOfSwiftUIUITests.swift */,
				F97ED3B127F2D2490033C15C /* HundredDaysOfSwiftUIUITestsLaunchTests.swift */,
			);
			path = HundredDaysOfSwiftUIUITests;
			sourceTree = "<group>";
		};
		F99FC3F728054C430054CAF7 /* Project1_WeSplit */ = {
			isa = PBXGroup;
			children = (
				F97ED39627F2D2470033C15C /* ContentView.swift */,
			);
			path = Project1_WeSplit;
			sourceTree = "<group>";
		};
		F99FC3F828054E330054CAF7 /* Challenge1 */ = {
			isa = PBXGroup;
			children = (
				F99FC3F928054E6A0054CAF7 /* ChallengeOneContentView.swift */,
			);
			path = Challenge1;
			sourceTree = "<group>";
		};
		F99FC3FB280673CD0054CAF7 /* Project2_GuessTheFlag */ = {
			isa = PBXGroup;
			children = (
				F99FC3FC2806740F0054CAF7 /* GuessTheFlagContentView.swift */,
			);
			path = Project2_GuessTheFlag;
			sourceTree = "<group>";
		};
		F99FC3FE2807FE8E0054CAF7 /* Project3_ViewsAndModifiers */ = {
			isa = PBXGroup;
			children = (
				F99FC3FF2807FEB70054CAF7 /* ViewsAndModifiersContentView.swift */,
			);
			path = Project3_ViewsAndModifiers;
			sourceTree = "<group>";
		};
		F99FC401280D0BC30054CAF7 /* Chanllenge2 */ = {
			isa = PBXGroup;
			children = (
				F99FC402280D0BE00054CAF7 /* RPSContentView.swift */,
			);
			path = Chanllenge2;
			sourceTree = "<group>";
		};
		F9A57619280E5DB600866612 /* Project4_ BetterRest */ = {
			isa = PBXGroup;
			children = (
				F9A5761A280E5E2500866612 /* BetterRestContentView.swift */,
				F9A5761E280E8CD800866612 /* SleepCalculator.mlmodel */,
			);
			path = "Project4_ BetterRest";
			sourceTree = "<group>";
		};
		F9A57620280FA95300866612 /* Project5_WordScramble */ = {
			isa = PBXGroup;
			children = (
				F9A57621280FA97000866612 /* WordScrambleContentView.swift */,
				F9A57623280FD9B100866612 /* start.txt */,
			);
			name = Project5_WordScramble;
			sourceTree = "<group>";
		};
		F9A576252810F96600866612 /* Project6_Animations */ = {
			isa = PBXGroup;
			children = (
				F9A576262810F9AF00866612 /* AnimationsContentView.swift */,
				F9A576282811039200866612 /* OverlayButton.swift */,
				F9A5762A281105E000866612 /* StepperAnimation.swift */,
				F9A5762C281134E800866612 /* WordDragging.swift */,
			);
			path = Project6_Animations;
			sourceTree = "<group>";
		};
		F9A5762E281252F600866612 /* Chanllenge3 */ = {
			isa = PBXGroup;
			children = (
				F9A5762F2812531000866612 /* EdutainmentContentView.swift */,
			);
			path = Chanllenge3;
			sourceTree = "<group>";
		};
		F9F6F357281912AD003FD5E7 /* View */ = {
			isa = PBXGroup;
			children = (
				F927B7512817987900637927 /* iExpenseContentView.swift */,
				F927B75F2817D68900637927 /* AddView.swift */,
				F927B7572817C5C500637927 /* DismissView.swift */,
				F927B7532817C09F00637927 /* DeleteView.swift */,
				F927B7552817C59D00637927 /* AppStorageView.swift */,
				F927B7592817D11300637927 /* CodableView.swift */,
			);
			path = View;
			sourceTree = "<group>";
		};
		F9F6F358281912B4003FD5E7 /* Model */ = {
			isa = PBXGroup;
			children = (
				F927B75B2817D18F00637927 /* ExpenseItem.swift */,
				F927B75D2817D1CE00637927 /* Expenses.swift */,
			);
			path = Model;
			sourceTree = "<group>";
		};
		F9F6F35928192179003FD5E7 /* Project8_MoonShot */ = {
			isa = PBXGroup;
			children = (
				F9F6F368281A3B0B003FD5E7 /* JSON */,
				F9F6F36B281A3BA4003FD5E7 /* Model */,
				F9F6F37D281A8C68003FD5E7 /* Extension */,
				F9F6F37C281A8C5E003FD5E7 /* View */,
			);
			path = Project8_MoonShot;
			sourceTree = "<group>";
		};
		F9F6F368281A3B0B003FD5E7 /* JSON */ = {
			isa = PBXGroup;
			children = (
				F9F6F364281A3B08003FD5E7 /* astronauts.json */,
				F9F6F365281A3B08003FD5E7 /* missions.json */,
			);
			path = JSON;
			sourceTree = "<group>";
		};
		F9F6F36B281A3BA4003FD5E7 /* Model */ = {
			isa = PBXGroup;
			children = (
				F9F6F369281A3B99003FD5E7 /* Astronaut.swift */,
				F9F6F36C281A3BE9003FD5E7 /* Bundle-Decodable.swift */,
				F9F6F36E281A3E57003FD5E7 /* Mission.swift */,
				F9F6F378281A794C003FD5E7 /* CrewMember.swift */,
			);
			path = Model;
			sourceTree = "<group>";
		};
		F9F6F37C281A8C5E003FD5E7 /* View */ = {
			isa = PBXGroup;
			children = (
				F9F6F35A281921B1003FD5E7 /* MoonshotContentView.swift */,
				F9F6F37A281A828C003FD5E7 /* MissionListView.swift */,
				F9F6F376281A784C003FD5E7 /* MissionGridView.swift */,
				F9F6F372281A641E003FD5E7 /* MissionView.swift */,
				F9F6F374281A6B54003FD5E7 /* AstronautView.swift */,
				F9F6F35C28192A46003FD5E7 /* LazyScrollView.swift */,
				F9F6F35E28192CD9003FD5E7 /* NavigationLinkDemoView.swift */,
				F9F6F36028192F9F003FD5E7 /* DecodableButton.swift */,
				F9F6F36228192FCC003FD5E7 /* ScrollingGridView.swift */,
			);
			path = View;
			sourceTree = "<group>";
		};
		F9F6F37D281A8C68003FD5E7 /* Extension */ = {
			isa = PBXGroup;
			children = (
				F9F6F370281A4497003FD5E7 /* Color-Theme.swift */,
			);
			path = Extension;
			sourceTree = "<group>";
		};
/* End PBXGroup section */

/* Begin PBXNativeTarget section */
		F97ED39027F2D2470033C15C /* HundredDaysOfSwiftUI */ = {
			isa = PBXNativeTarget;
			buildConfigurationList = F97ED3B527F2D2490033C15C /* Build configuration list for PBXNativeTarget "HundredDaysOfSwiftUI" */;
			buildPhases = (
				F97ED38D27F2D2470033C15C /* Sources */,
				F97ED38E27F2D2470033C15C /* Frameworks */,
				F97ED38F27F2D2470033C15C /* Resources */,
			);
			buildRules = (
			);
			dependencies = (
			);
			name = HundredDaysOfSwiftUI;
			productName = HundredDaysOfSwiftUI;
			productReference = F97ED39127F2D2470033C15C /* HundredDaysOfSwiftUI.app */;
			productType = "com.apple.product-type.application";
		};
		F97ED3A027F2D2490033C15C /* HundredDaysOfSwiftUITests */ = {
			isa = PBXNativeTarget;
			buildConfigurationList = F97ED3B827F2D2490033C15C /* Build configuration list for PBXNativeTarget "HundredDaysOfSwiftUITests" */;
			buildPhases = (
				F97ED39D27F2D2490033C15C /* Sources */,
				F97ED39E27F2D2490033C15C /* Frameworks */,
				F97ED39F27F2D2490033C15C /* Resources */,
			);
			buildRules = (
			);
			dependencies = (
				F97ED3A327F2D2490033C15C /* PBXTargetDependency */,
			);
			name = HundredDaysOfSwiftUITests;
			productName = HundredDaysOfSwiftUITests;
			productReference = F97ED3A127F2D2490033C15C /* HundredDaysOfSwiftUITests.xctest */;
			productType = "com.apple.product-type.bundle.unit-test";
		};
		F97ED3AA27F2D2490033C15C /* HundredDaysOfSwiftUIUITests */ = {
			isa = PBXNativeTarget;
			buildConfigurationList = F97ED3BB27F2D2490033C15C /* Build configuration list for PBXNativeTarget "HundredDaysOfSwiftUIUITests" */;
			buildPhases = (
				F97ED3A727F2D2490033C15C /* Sources */,
				F97ED3A827F2D2490033C15C /* Frameworks */,
				F97ED3A927F2D2490033C15C /* Resources */,
			);
			buildRules = (
			);
			dependencies = (
				F97ED3AD27F2D2490033C15C /* PBXTargetDependency */,
			);
			name = HundredDaysOfSwiftUIUITests;
			productName = HundredDaysOfSwiftUIUITests;
			productReference = F97ED3AB27F2D2490033C15C /* HundredDaysOfSwiftUIUITests.xctest */;
			productType = "com.apple.product-type.bundle.ui-testing";
		};
/* End PBXNativeTarget section */

/* Begin PBXProject section */
		F97ED38927F2D2470033C15C /* Project object */ = {
			isa = PBXProject;
			attributes = {
				BuildIndependentTargetsInParallel = 1;
				LastSwiftUpdateCheck = 1330;
				LastUpgradeCheck = 1330;
				TargetAttributes = {
					F97ED39027F2D2470033C15C = {
						CreatedOnToolsVersion = 13.3;
					};
					F97ED3A027F2D2490033C15C = {
						CreatedOnToolsVersion = 13.3;
						TestTargetID = F97ED39027F2D2470033C15C;
					};
					F97ED3AA27F2D2490033C15C = {
						CreatedOnToolsVersion = 13.3;
						TestTargetID = F97ED39027F2D2470033C15C;
					};
				};
			};
			buildConfigurationList = F97ED38C27F2D2470033C15C /* Build configuration list for PBXProject "HundredDaysOfSwiftUI" */;
			compatibilityVersion = "Xcode 13.0";
			developmentRegion = en;
			hasScannedForEncodings = 0;
			knownRegions = (
				en,
				Base,
			);
			mainGroup = F97ED38827F2D2470033C15C;
			productRefGroup = F97ED39227F2D2470033C15C /* Products */;
			projectDirPath = "";
			projectRoot = "";
			targets = (
				F97ED39027F2D2470033C15C /* HundredDaysOfSwiftUI */,
				F97ED3A027F2D2490033C15C /* HundredDaysOfSwiftUITests */,
				F97ED3AA27F2D2490033C15C /* HundredDaysOfSwiftUIUITests */,
			);
		};
/* End PBXProject section */

/* Begin PBXResourcesBuildPhase section */
		F97ED38F27F2D2470033C15C /* Resources */ = {
			isa = PBXResourcesBuildPhase;
			buildActionMask = 2147483647;
			files = (
				F97ED39C27F2D2490033C15C /* Preview Assets.xcassets in Resources */,
				F9F6F367281A3B08003FD5E7 /* missions.json in Resources */,
				F9A57624280FD9B200866612 /* start.txt in Resources */,
				F97ED39927F2D2490033C15C /* Assets.xcassets in Resources */,
				F9F6F366281A3B08003FD5E7 /* astronauts.json in Resources */,
			);
			runOnlyForDeploymentPostprocessing = 0;
		};
		F97ED39F27F2D2490033C15C /* Resources */ = {
			isa = PBXResourcesBuildPhase;
			buildActionMask = 2147483647;
			files = (
			);
			runOnlyForDeploymentPostprocessing = 0;
		};
		F97ED3A927F2D2490033C15C /* Resources */ = {
			isa = PBXResourcesBuildPhase;
			buildActionMask = 2147483647;
			files = (
			);
			runOnlyForDeploymentPostprocessing = 0;
		};
/* End PBXResourcesBuildPhase section */

/* Begin PBXSourcesBuildPhase section */
		F97ED38D27F2D2470033C15C /* Sources */ = {
			isa = PBXSourcesBuildPhase;
			buildActionMask = 2147483647;
			files = (
				F9F6F36D281A3BE9003FD5E7 /* Bundle-Decodable.swift in Sources */,
				F90EFC9B282100D300DC38AE /* FlowerDemo.swift in Sources */,
				F9A5761B280E5E2600866612 /* BetterRestContentView.swift in Sources */,
				F9A5761F280E8CD800866612 /* SleepCalculator.mlmodel in Sources */,
				F9A5762D281134E800866612 /* WordDragging.swift in Sources */,
				F9F6F379281A794C003FD5E7 /* CrewMember.swift in Sources */,
				F90EFCA728211B0900DC38AE /* SpirographDemo.swift in Sources */,
				F9F6F36A281A3B99003FD5E7 /* Astronaut.swift in Sources */,
				F9F6F35B281921B1003FD5E7 /* MoonshotContentView.swift in Sources */,
				F90EFCA928224B7200DC38AE /* Challenge_AnimatableArrow.swift in Sources */,
				F9A576302812531000866612 /* EdutainmentContentView.swift in Sources */,
				F99FC3FD2806740F0054CAF7 /* GuessTheFlagContentView.swift in Sources */,
				F927B7582817C5C500637927 /* DismissView.swift in Sources */,
				F9F6F373281A641E003FD5E7 /* MissionView.swift in Sources */,
				F927B7602817D68900637927 /* AddView.swift in Sources */,
				F927B75E2817D1CE00637927 /* Expenses.swift in Sources */,
				F927B75A2817D11400637927 /* CodableView.swift in Sources */,
				F927B75C2817D18F00637927 /* ExpenseItem.swift in Sources */,
				F927B7562817C59D00637927 /* AppStorageView.swift in Sources */,
				F97ED39727F2D2470033C15C /* ContentView.swift in Sources */,
				F9F6F37B281A828C003FD5E7 /* MissionListView.swift in Sources */,
				F9F6F36328192FCC003FD5E7 /* ScrollingGridView.swift in Sources */,
				F99FC4002807FEB80054CAF7 /* ViewsAndModifiersContentView.swift in Sources */,
				F99FC3FA28054E6A0054CAF7 /* ChallengeOneContentView.swift in Sources */,
				F9F6F36F281A3E57003FD5E7 /* Mission.swift in Sources */,
				F99FC403280D0BE00054CAF7 /* RPSContentView.swift in Sources */,
				F927B7542817C0A000637927 /* DeleteView.swift in Sources */,
				F90EFCAB28224C2600DC38AE /* Challenge_ColorCyclingRectangle.swift in Sources */,
				F90EFC972820D4B300DC38AE /* DrawingContentView.swift in Sources */,
				F90EFCA32821141A00DC38AE /* AnimatableDataDemo.swift in Sources */,
				F9F6F35D28192A46003FD5E7 /* LazyScrollView.swift in Sources */,
				F90EFC9D282103FD00DC38AE /* ImagePaintDemo.swift in Sources */,
				F9A5762B281105E000866612 /* StepperAnimation.swift in Sources */,
				F9F6F36128192F9F003FD5E7 /* DecodableButton.swift in Sources */,
				F9A57622280FA97100866612 /* WordScrambleContentView.swift in Sources */,
				F927B7522817987A00637927 /* iExpenseContentView.swift in Sources */,
				F9F6F371281A4497003FD5E7 /* Color-Theme.swift in Sources */,
				F90EFCA5282116CB00DC38AE /* AnimatablePairDemo.swift in Sources */,
				F90EFCA128210FEC00DC38AE /* BlendModeDemo.swift in Sources */,
				F9F6F375281A6B54003FD5E7 /* AstronautView.swift in Sources */,
				F97ED39527F2D2470033C15C /* HundredDaysOfSwiftUIApp.swift in Sources */,
				F9A576272810F9B000866612 /* AnimationsContentView.swift in Sources */,
				F9A576292811039200866612 /* OverlayButton.swift in Sources */,
				F9F6F35F28192CD9003FD5E7 /* NavigationLinkDemoView.swift in Sources */,
				F90EFC9F2821069B00DC38AE /* ColorCyclingCircle.swift in Sources */,
				F9F6F377281A784C003FD5E7 /* MissionGridView.swift in Sources */,
				F90EFC992820FB5E00DC38AE /* PathExample.swift in Sources */,
			);
			runOnlyForDeploymentPostprocessing = 0;
		};
		F97ED39D27F2D2490033C15C /* Sources */ = {
			isa = PBXSourcesBuildPhase;
			buildActionMask = 2147483647;
			files = (
				F97ED3A627F2D2490033C15C /* HundredDaysOfSwiftUITests.swift in Sources */,
			);
			runOnlyForDeploymentPostprocessing = 0;
		};
		F97ED3A727F2D2490033C15C /* Sources */ = {
			isa = PBXSourcesBuildPhase;
			buildActionMask = 2147483647;
			files = (
				F97ED3B027F2D2490033C15C /* HundredDaysOfSwiftUIUITests.swift in Sources */,
				F97ED3B227F2D2490033C15C /* HundredDaysOfSwiftUIUITestsLaunchTests.swift in Sources */,
			);
			runOnlyForDeploymentPostprocessing = 0;
		};
/* End PBXSourcesBuildPhase section */

/* Begin PBXTargetDependency section */
		F97ED3A327F2D2490033C15C /* PBXTargetDependency */ = {
			isa = PBXTargetDependency;
			target = F97ED39027F2D2470033C15C /* HundredDaysOfSwiftUI */;
			targetProxy = F97ED3A227F2D2490033C15C /* PBXContainerItemProxy */;
		};
		F97ED3AD27F2D2490033C15C /* PBXTargetDependency */ = {
			isa = PBXTargetDependency;
			target = F97ED39027F2D2470033C15C /* HundredDaysOfSwiftUI */;
			targetProxy = F97ED3AC27F2D2490033C15C /* PBXContainerItemProxy */;
		};
/* End PBXTargetDependency section */

/* Begin XCBuildConfiguration section */
		F97ED3B327F2D2490033C15C /* Debug */ = {
			isa = XCBuildConfiguration;
			buildSettings = {
				ALWAYS_SEARCH_USER_PATHS = NO;
				CLANG_ANALYZER_NONNULL = YES;
				CLANG_ANALYZER_NUMBER_OBJECT_CONVERSION = YES_AGGRESSIVE;
				CLANG_CXX_LANGUAGE_STANDARD = "gnu++17";
				CLANG_ENABLE_MODULES = YES;
				CLANG_ENABLE_OBJC_ARC = YES;
				CLANG_ENABLE_OBJC_WEAK = YES;
				CLANG_WARN_BLOCK_CAPTURE_AUTORELEASING = YES;
				CLANG_WARN_BOOL_CONVERSION = YES;
				CLANG_WARN_COMMA = YES;
				CLANG_WARN_CONSTANT_CONVERSION = YES;
				CLANG_WARN_DEPRECATED_OBJC_IMPLEMENTATIONS = YES;
				CLANG_WARN_DIRECT_OBJC_ISA_USAGE = YES_ERROR;
				CLANG_WARN_DOCUMENTATION_COMMENTS = YES;
				CLANG_WARN_EMPTY_BODY = YES;
				CLANG_WARN_ENUM_CONVERSION = YES;
				CLANG_WARN_INFINITE_RECURSION = YES;
				CLANG_WARN_INT_CONVERSION = YES;
				CLANG_WARN_NON_LITERAL_NULL_CONVERSION = YES;
				CLANG_WARN_OBJC_IMPLICIT_RETAIN_SELF = YES;
				CLANG_WARN_OBJC_LITERAL_CONVERSION = YES;
				CLANG_WARN_OBJC_ROOT_CLASS = YES_ERROR;
				CLANG_WARN_QUOTED_INCLUDE_IN_FRAMEWORK_HEADER = YES;
				CLANG_WARN_RANGE_LOOP_ANALYSIS = YES;
				CLANG_WARN_STRICT_PROTOTYPES = YES;
				CLANG_WARN_SUSPICIOUS_MOVE = YES;
				CLANG_WARN_UNGUARDED_AVAILABILITY = YES_AGGRESSIVE;
				CLANG_WARN_UNREACHABLE_CODE = YES;
				CLANG_WARN__DUPLICATE_METHOD_MATCH = YES;
				COPY_PHASE_STRIP = NO;
				DEBUG_INFORMATION_FORMAT = dwarf;
				ENABLE_STRICT_OBJC_MSGSEND = YES;
				ENABLE_TESTABILITY = YES;
				GCC_C_LANGUAGE_STANDARD = gnu11;
				GCC_DYNAMIC_NO_PIC = NO;
				GCC_NO_COMMON_BLOCKS = YES;
				GCC_OPTIMIZATION_LEVEL = 0;
				GCC_PREPROCESSOR_DEFINITIONS = (
					"DEBUG=1",
					"$(inherited)",
				);
				GCC_WARN_64_TO_32_BIT_CONVERSION = YES;
				GCC_WARN_ABOUT_RETURN_TYPE = YES_ERROR;
				GCC_WARN_UNDECLARED_SELECTOR = YES;
				GCC_WARN_UNINITIALIZED_AUTOS = YES_AGGRESSIVE;
				GCC_WARN_UNUSED_FUNCTION = YES;
				GCC_WARN_UNUSED_VARIABLE = YES;
				IPHONEOS_DEPLOYMENT_TARGET = 15.4;
				MTL_ENABLE_DEBUG_INFO = INCLUDE_SOURCE;
				MTL_FAST_MATH = YES;
				ONLY_ACTIVE_ARCH = YES;
				SDKROOT = iphoneos;
				SWIFT_ACTIVE_COMPILATION_CONDITIONS = DEBUG;
				SWIFT_OPTIMIZATION_LEVEL = "-Onone";
			};
			name = Debug;
		};
		F97ED3B427F2D2490033C15C /* Release */ = {
			isa = XCBuildConfiguration;
			buildSettings = {
				ALWAYS_SEARCH_USER_PATHS = NO;
				CLANG_ANALYZER_NONNULL = YES;
				CLANG_ANALYZER_NUMBER_OBJECT_CONVERSION = YES_AGGRESSIVE;
				CLANG_CXX_LANGUAGE_STANDARD = "gnu++17";
				CLANG_ENABLE_MODULES = YES;
				CLANG_ENABLE_OBJC_ARC = YES;
				CLANG_ENABLE_OBJC_WEAK = YES;
				CLANG_WARN_BLOCK_CAPTURE_AUTORELEASING = YES;
				CLANG_WARN_BOOL_CONVERSION = YES;
				CLANG_WARN_COMMA = YES;
				CLANG_WARN_CONSTANT_CONVERSION = YES;
				CLANG_WARN_DEPRECATED_OBJC_IMPLEMENTATIONS = YES;
				CLANG_WARN_DIRECT_OBJC_ISA_USAGE = YES_ERROR;
				CLANG_WARN_DOCUMENTATION_COMMENTS = YES;
				CLANG_WARN_EMPTY_BODY = YES;
				CLANG_WARN_ENUM_CONVERSION = YES;
				CLANG_WARN_INFINITE_RECURSION = YES;
				CLANG_WARN_INT_CONVERSION = YES;
				CLANG_WARN_NON_LITERAL_NULL_CONVERSION = YES;
				CLANG_WARN_OBJC_IMPLICIT_RETAIN_SELF = YES;
				CLANG_WARN_OBJC_LITERAL_CONVERSION = YES;
				CLANG_WARN_OBJC_ROOT_CLASS = YES_ERROR;
				CLANG_WARN_QUOTED_INCLUDE_IN_FRAMEWORK_HEADER = YES;
				CLANG_WARN_RANGE_LOOP_ANALYSIS = YES;
				CLANG_WARN_STRICT_PROTOTYPES = YES;
				CLANG_WARN_SUSPICIOUS_MOVE = YES;
				CLANG_WARN_UNGUARDED_AVAILABILITY = YES_AGGRESSIVE;
				CLANG_WARN_UNREACHABLE_CODE = YES;
				CLANG_WARN__DUPLICATE_METHOD_MATCH = YES;
				COPY_PHASE_STRIP = NO;
				DEBUG_INFORMATION_FORMAT = "dwarf-with-dsym";
				ENABLE_NS_ASSERTIONS = NO;
				ENABLE_STRICT_OBJC_MSGSEND = YES;
				GCC_C_LANGUAGE_STANDARD = gnu11;
				GCC_NO_COMMON_BLOCKS = YES;
				GCC_WARN_64_TO_32_BIT_CONVERSION = YES;
				GCC_WARN_ABOUT_RETURN_TYPE = YES_ERROR;
				GCC_WARN_UNDECLARED_SELECTOR = YES;
				GCC_WARN_UNINITIALIZED_AUTOS = YES_AGGRESSIVE;
				GCC_WARN_UNUSED_FUNCTION = YES;
				GCC_WARN_UNUSED_VARIABLE = YES;
				IPHONEOS_DEPLOYMENT_TARGET = 15.4;
				MTL_ENABLE_DEBUG_INFO = NO;
				MTL_FAST_MATH = YES;
				SDKROOT = iphoneos;
				SWIFT_COMPILATION_MODE = wholemodule;
				SWIFT_OPTIMIZATION_LEVEL = "-O";
				VALIDATE_PRODUCT = YES;
			};
			name = Release;
		};
		F97ED3B627F2D2490033C15C /* Debug */ = {
			isa = XCBuildConfiguration;
			buildSettings = {
				ASSETCATALOG_COMPILER_APPICON_NAME = AppIcon;
				ASSETCATALOG_COMPILER_GLOBAL_ACCENT_COLOR_NAME = AccentColor;
				CODE_SIGN_STYLE = Automatic;
				CURRENT_PROJECT_VERSION = 1;
				DEVELOPMENT_ASSET_PATHS = "\"HundredDaysOfSwiftUI/Preview Content\"";
				DEVELOPMENT_TEAM = 4YL95KDQ6V;
				ENABLE_PREVIEWS = YES;
				GENERATE_INFOPLIST_FILE = YES;
				INFOPLIST_KEY_UIApplicationSceneManifest_Generation = YES;
				INFOPLIST_KEY_UIApplicationSupportsIndirectInputEvents = YES;
				INFOPLIST_KEY_UILaunchScreen_Generation = YES;
				INFOPLIST_KEY_UISupportedInterfaceOrientations_iPad = "UIInterfaceOrientationPortrait UIInterfaceOrientationPortraitUpsideDown UIInterfaceOrientationLandscapeLeft UIInterfaceOrientationLandscapeRight";
				INFOPLIST_KEY_UISupportedInterfaceOrientations_iPhone = "UIInterfaceOrientationPortrait UIInterfaceOrientationLandscapeLeft UIInterfaceOrientationLandscapeRight";
				IPHONEOS_DEPLOYMENT_TARGET = 15.0;
				LD_RUNPATH_SEARCH_PATHS = (
					"$(inherited)",
					"@executable_path/Frameworks",
				);
				MARKETING_VERSION = 1.0;
				PRODUCT_BUNDLE_IDENTIFIER = com.willchen.HundredDaysOfSwiftUI;
				PRODUCT_NAME = "$(TARGET_NAME)";
				SWIFT_EMIT_LOC_STRINGS = YES;
				SWIFT_VERSION = 5.0;
				TARGETED_DEVICE_FAMILY = "1,2";
			};
			name = Debug;
		};
		F97ED3B727F2D2490033C15C /* Release */ = {
			isa = XCBuildConfiguration;
			buildSettings = {
				ASSETCATALOG_COMPILER_APPICON_NAME = AppIcon;
				ASSETCATALOG_COMPILER_GLOBAL_ACCENT_COLOR_NAME = AccentColor;
				CODE_SIGN_STYLE = Automatic;
				CURRENT_PROJECT_VERSION = 1;
				DEVELOPMENT_ASSET_PATHS = "\"HundredDaysOfSwiftUI/Preview Content\"";
				DEVELOPMENT_TEAM = 4YL95KDQ6V;
				ENABLE_PREVIEWS = YES;
				GENERATE_INFOPLIST_FILE = YES;
				INFOPLIST_KEY_UIApplicationSceneManifest_Generation = YES;
				INFOPLIST_KEY_UIApplicationSupportsIndirectInputEvents = YES;
				INFOPLIST_KEY_UILaunchScreen_Generation = YES;
				INFOPLIST_KEY_UISupportedInterfaceOrientations_iPad = "UIInterfaceOrientationPortrait UIInterfaceOrientationPortraitUpsideDown UIInterfaceOrientationLandscapeLeft UIInterfaceOrientationLandscapeRight";
				INFOPLIST_KEY_UISupportedInterfaceOrientations_iPhone = "UIInterfaceOrientationPortrait UIInterfaceOrientationLandscapeLeft UIInterfaceOrientationLandscapeRight";
				IPHONEOS_DEPLOYMENT_TARGET = 15.0;
				LD_RUNPATH_SEARCH_PATHS = (
					"$(inherited)",
					"@executable_path/Frameworks",
				);
				MARKETING_VERSION = 1.0;
				PRODUCT_BUNDLE_IDENTIFIER = com.willchen.HundredDaysOfSwiftUI;
				PRODUCT_NAME = "$(TARGET_NAME)";
				SWIFT_EMIT_LOC_STRINGS = YES;
				SWIFT_VERSION = 5.0;
				TARGETED_DEVICE_FAMILY = "1,2";
			};
			name = Release;
		};
		F97ED3B927F2D2490033C15C /* Debug */ = {
			isa = XCBuildConfiguration;
			buildSettings = {
				ALWAYS_EMBED_SWIFT_STANDARD_LIBRARIES = YES;
				BUNDLE_LOADER = "$(TEST_HOST)";
				CODE_SIGN_STYLE = Automatic;
				CURRENT_PROJECT_VERSION = 1;
				DEVELOPMENT_TEAM = 4YL95KDQ6V;
				GENERATE_INFOPLIST_FILE = YES;
				IPHONEOS_DEPLOYMENT_TARGET = 15.4;
				MARKETING_VERSION = 1.0;
				PRODUCT_BUNDLE_IDENTIFIER = com.willchen.HundredDaysOfSwiftUITests;
				PRODUCT_NAME = "$(TARGET_NAME)";
				SWIFT_EMIT_LOC_STRINGS = NO;
				SWIFT_VERSION = 5.0;
				TARGETED_DEVICE_FAMILY = "1,2";
				TEST_HOST = "$(BUILT_PRODUCTS_DIR)/HundredDaysOfSwiftUI.app/HundredDaysOfSwiftUI";
			};
			name = Debug;
		};
		F97ED3BA27F2D2490033C15C /* Release */ = {
			isa = XCBuildConfiguration;
			buildSettings = {
				ALWAYS_EMBED_SWIFT_STANDARD_LIBRARIES = YES;
				BUNDLE_LOADER = "$(TEST_HOST)";
				CODE_SIGN_STYLE = Automatic;
				CURRENT_PROJECT_VERSION = 1;
				DEVELOPMENT_TEAM = 4YL95KDQ6V;
				GENERATE_INFOPLIST_FILE = YES;
				IPHONEOS_DEPLOYMENT_TARGET = 15.4;
				MARKETING_VERSION = 1.0;
				PRODUCT_BUNDLE_IDENTIFIER = com.willchen.HundredDaysOfSwiftUITests;
				PRODUCT_NAME = "$(TARGET_NAME)";
				SWIFT_EMIT_LOC_STRINGS = NO;
				SWIFT_VERSION = 5.0;
				TARGETED_DEVICE_FAMILY = "1,2";
				TEST_HOST = "$(BUILT_PRODUCTS_DIR)/HundredDaysOfSwiftUI.app/HundredDaysOfSwiftUI";
			};
			name = Release;
		};
		F97ED3BC27F2D2490033C15C /* Debug */ = {
			isa = XCBuildConfiguration;
			buildSettings = {
				ALWAYS_EMBED_SWIFT_STANDARD_LIBRARIES = YES;
				CODE_SIGN_STYLE = Automatic;
				CURRENT_PROJECT_VERSION = 1;
				DEVELOPMENT_TEAM = 4YL95KDQ6V;
				GENERATE_INFOPLIST_FILE = YES;
				MARKETING_VERSION = 1.0;
				PRODUCT_BUNDLE_IDENTIFIER = com.willchen.HundredDaysOfSwiftUIUITests;
				PRODUCT_NAME = "$(TARGET_NAME)";
				SWIFT_EMIT_LOC_STRINGS = NO;
				SWIFT_VERSION = 5.0;
				TARGETED_DEVICE_FAMILY = "1,2";
				TEST_TARGET_NAME = HundredDaysOfSwiftUI;
			};
			name = Debug;
		};
		F97ED3BD27F2D2490033C15C /* Release */ = {
			isa = XCBuildConfiguration;
			buildSettings = {
				ALWAYS_EMBED_SWIFT_STANDARD_LIBRARIES = YES;
				CODE_SIGN_STYLE = Automatic;
				CURRENT_PROJECT_VERSION = 1;
				DEVELOPMENT_TEAM = 4YL95KDQ6V;
				GENERATE_INFOPLIST_FILE = YES;
				MARKETING_VERSION = 1.0;
				PRODUCT_BUNDLE_IDENTIFIER = com.willchen.HundredDaysOfSwiftUIUITests;
				PRODUCT_NAME = "$(TARGET_NAME)";
				SWIFT_EMIT_LOC_STRINGS = NO;
				SWIFT_VERSION = 5.0;
				TARGETED_DEVICE_FAMILY = "1,2";
				TEST_TARGET_NAME = HundredDaysOfSwiftUI;
			};
			name = Release;
		};
/* End XCBuildConfiguration section */

/* Begin XCConfigurationList section */
		F97ED38C27F2D2470033C15C /* Build configuration list for PBXProject "HundredDaysOfSwiftUI" */ = {
			isa = XCConfigurationList;
			buildConfigurations = (
				F97ED3B327F2D2490033C15C /* Debug */,
				F97ED3B427F2D2490033C15C /* Release */,
			);
			defaultConfigurationIsVisible = 0;
			defaultConfigurationName = Release;
		};
		F97ED3B527F2D2490033C15C /* Build configuration list for PBXNativeTarget "HundredDaysOfSwiftUI" */ = {
			isa = XCConfigurationList;
			buildConfigurations = (
				F97ED3B627F2D2490033C15C /* Debug */,
				F97ED3B727F2D2490033C15C /* Release */,
			);
			defaultConfigurationIsVisible = 0;
			defaultConfigurationName = Release;
		};
		F97ED3B827F2D2490033C15C /* Build configuration list for PBXNativeTarget "HundredDaysOfSwiftUITests" */ = {
			isa = XCConfigurationList;
			buildConfigurations = (
				F97ED3B927F2D2490033C15C /* Debug */,
				F97ED3BA27F2D2490033C15C /* Release */,
			);
			defaultConfigurationIsVisible = 0;
			defaultConfigurationName = Release;
		};
		F97ED3BB27F2D2490033C15C /* Build configuration list for PBXNativeTarget "HundredDaysOfSwiftUIUITests" */ = {
			isa = XCConfigurationList;
			buildConfigurations = (
				F97ED3BC27F2D2490033C15C /* Debug */,
				F97ED3BD27F2D2490033C15C /* Release */,
			);
			defaultConfigurationIsVisible = 0;
			defaultConfigurationName = Release;
		};
/* End XCConfigurationList section */
	};
	rootObject = F97ED38927F2D2470033C15C /* Project object */;
}
